// !$*UTF8*$!
{
	archiveVersion = 1;
	classes = {
	};
	objectVersion = 46;
	objects = {

/* Begin PBXBuildFile section */
		6D00A7651CEF071F00481C9C /* MenuViewController.m in Sources */ = {isa = PBXBuildFile; fileRef = 6D00A7641CEF071F00481C9C /* MenuViewController.m */; };
		6D0D88271D0FF68E0038B718 /* HTTPClient.m in Sources */ = {isa = PBXBuildFile; fileRef = 6D0D88261D0FF68E0038B718 /* HTTPClient.m */; };
		6D132B4C1D193B6700E38D10 /* ScriptResults.m in Sources */ = {isa = PBXBuildFile; fileRef = 6D132B4B1D193B6700E38D10 /* ScriptResults.m */; };
		6D14700C1CEC3D74001529A2 /* icon_store_location@2x.png in Resources */ = {isa = PBXBuildFile; fileRef = 6D1470081CEC3D74001529A2 /* icon_store_location@2x.png */; };
		6D14700D1CEC3D74001529A2 /* icon_store_location@3x.png in Resources */ = {isa = PBXBuildFile; fileRef = 6D1470091CEC3D74001529A2 /* icon_store_location@3x.png */; };
		6D14700E1CEC3D74001529A2 /* icon_store_phone@2x.png in Resources */ = {isa = PBXBuildFile; fileRef = 6D14700A1CEC3D74001529A2 /* icon_store_phone@2x.png */; };
		6D14700F1CEC3D74001529A2 /* icon_store_phone@3x.png in Resources */ = {isa = PBXBuildFile; fileRef = 6D14700B1CEC3D74001529A2 /* icon_store_phone@3x.png */; };
		6D1470121CEC4070001529A2 /* StoreInformation.m in Sources */ = {isa = PBXBuildFile; fileRef = 6D1470111CEC4070001529A2 /* StoreInformation.m */; };
		6D1470151CEC4DE5001529A2 /* StoreCell.m in Sources */ = {isa = PBXBuildFile; fileRef = 6D1470141CEC4DE5001529A2 /* StoreCell.m */; };
		6D1470181CEC578A001529A2 /* loading@2x.png in Resources */ = {isa = PBXBuildFile; fileRef = 6D1470161CEC578A001529A2 /* loading@2x.png */; };
		6D1470191CEC578A001529A2 /* loading@3x.png in Resources */ = {isa = PBXBuildFile; fileRef = 6D1470171CEC578A001529A2 /* loading@3x.png */; };
		6D14701C1CEC6130001529A2 /* ImageDownload.m in Sources */ = {isa = PBXBuildFile; fileRef = 6D14701B1CEC6130001529A2 /* ImageDownload.m */; };
		6D18606D1CF3F55E00F8CB6C /* MenuCell.m in Sources */ = {isa = PBXBuildFile; fileRef = 6D18606C1CF3F55E00F8CB6C /* MenuCell.m */; };
		6D2463C81CD87D7B00A92302 /* icon_grade_vip@2x.png in Resources */ = {isa = PBXBuildFile; fileRef = 6D2463C61CD87D7B00A92302 /* icon_grade_vip@2x.png */; };
		6D2463C91CD87D7B00A92302 /* icon_grade_vip@3x.png in Resources */ = {isa = PBXBuildFile; fileRef = 6D2463C71CD87D7B00A92302 /* icon_grade_vip@3x.png */; };
		6D247F6D1CE16D8500EBE9DB /* ButtonView.m in Sources */ = {isa = PBXBuildFile; fileRef = 6D247F6C1CE16D8500EBE9DB /* ButtonView.m */; };
		6D247F701CE16D8C00EBE9DB /* LabelView.m in Sources */ = {isa = PBXBuildFile; fileRef = 6D247F6F1CE16D8C00EBE9DB /* LabelView.m */; };
		6D247F731CE16D9700EBE9DB /* SwitchView.m in Sources */ = {isa = PBXBuildFile; fileRef = 6D247F721CE16D9700EBE9DB /* SwitchView.m */; };
		6D247F761CE16F2700EBE9DB /* ShowImageView.m in Sources */ = {isa = PBXBuildFile; fileRef = 6D247F751CE16F2700EBE9DB /* ShowImageView.m */; };
		6D247F791CE1CB9200EBE9DB /* MainViewController.m in Sources */ = {isa = PBXBuildFile; fileRef = 6D247F781CE1CB9200EBE9DB /* MainViewController.m */; };
		6D247F7C1CE1CBEE00EBE9DB /* MainCollectionCell.m in Sources */ = {isa = PBXBuildFile; fileRef = 6D247F7B1CE1CBEE00EBE9DB /* MainCollectionCell.m */; };
		6D247F7F1CE1CFEA00EBE9DB /* PointViewController.m in Sources */ = {isa = PBXBuildFile; fileRef = 6D247F7E1CE1CFEA00EBE9DB /* PointViewController.m */; };
		6D247F821CE1CFF300EBE9DB /* CardViewController.m in Sources */ = {isa = PBXBuildFile; fileRef = 6D247F811CE1CFF300EBE9DB /* CardViewController.m */; };
		6D247F851CE1CFFC00EBE9DB /* StoreViewController.m in Sources */ = {isa = PBXBuildFile; fileRef = 6D247F841CE1CFFC00EBE9DB /* StoreViewController.m */; };
		6D33AE031CE5662700B2DFE4 /* WebKit.framework in Frameworks */ = {isa = PBXBuildFile; fileRef = 6D33AE021CE5662700B2DFE4 /* WebKit.framework */; };
		6D3A5FF61CE05F95009DB0E4 /* CollectionViewController.m in Sources */ = {isa = PBXBuildFile; fileRef = 6D3A5FF51CE05F95009DB0E4 /* CollectionViewController.m */; };
		6D3A5FF91CE06B8D009DB0E4 /* CollectionCell.m in Sources */ = {isa = PBXBuildFile; fileRef = 6D3A5FF81CE06B8D009DB0E4 /* CollectionCell.m */; };
		6D464AE21CD057630035FF68 /* LogInViewController.m in Sources */ = {isa = PBXBuildFile; fileRef = 6D464AE11CD057630035FF68 /* LogInViewController.m */; };
		6D464AE51CD082E20035FF68 /* HomeViewController.m in Sources */ = {isa = PBXBuildFile; fileRef = 6D464AE41CD082E20035FF68 /* HomeViewController.m */; };
		6D464AED1CD092AF0035FF68 /* img_card_main@2x.png in Resources */ = {isa = PBXBuildFile; fileRef = 6D464AE91CD092AF0035FF68 /* img_card_main@2x.png */; };
		6D464AEE1CD092AF0035FF68 /* img_card_main@3x.png in Resources */ = {isa = PBXBuildFile; fileRef = 6D464AEA1CD092AF0035FF68 /* img_card_main@3x.png */; };
		6D464AEF1CD092AF0035FF68 /* img_main_profile@2x.png in Resources */ = {isa = PBXBuildFile; fileRef = 6D464AEB1CD092AF0035FF68 /* img_main_profile@2x.png */; };
		6D464AF01CD092AF0035FF68 /* img_main_profile@3x.png in Resources */ = {isa = PBXBuildFile; fileRef = 6D464AEC1CD092AF0035FF68 /* img_main_profile@3x.png */; };
		6D468FAB1CE5B48900538EE0 /* btn_card_largeimg_sub@2x.png in Resources */ = {isa = PBXBuildFile; fileRef = 6D468FA71CE5B48900538EE0 /* btn_card_largeimg_sub@2x.png */; };
		6D468FAC1CE5B48900538EE0 /* btn_card_largeimg_sub@3x.png in Resources */ = {isa = PBXBuildFile; fileRef = 6D468FA81CE5B48900538EE0 /* btn_card_largeimg_sub@3x.png */; };
		6D468FAD1CE5B48900538EE0 /* img_card_sub@2x.png in Resources */ = {isa = PBXBuildFile; fileRef = 6D468FA91CE5B48900538EE0 /* img_card_sub@2x.png */; };
		6D468FAE1CE5B48900538EE0 /* img_card_sub@3x.png in Resources */ = {isa = PBXBuildFile; fileRef = 6D468FAA1CE5B48900538EE0 /* img_card_sub@3x.png */; };
		6D468FB11CE5D55D00538EE0 /* BarcodeViewController.m in Sources */ = {isa = PBXBuildFile; fileRef = 6D468FB01CE5D55D00538EE0 /* BarcodeViewController.m */; };
		6D4787221CFEC41C001A9A52 /* btn_popup_close@2x.png in Resources */ = {isa = PBXBuildFile; fileRef = 6D4787201CFEC41C001A9A52 /* btn_popup_close@2x.png */; };
		6D4787231CFEC41C001A9A52 /* btn_popup_close@3x.png in Resources */ = {isa = PBXBuildFile; fileRef = 6D4787211CFEC41C001A9A52 /* btn_popup_close@3x.png */; };
		6D4787261CFED047001A9A52 /* MainInformation.m in Sources */ = {isa = PBXBuildFile; fileRef = 6D4787251CFED047001A9A52 /* MainInformation.m */; };
		6D489A911D179E8000E3B010 /* GenerateBarcode.m in Sources */ = {isa = PBXBuildFile; fileRef = 6D489A901D179E8000E3B010 /* GenerateBarcode.m */; };
		6D4AD2EF1CFFFCA400CFC443 /* SettingViewController.m in Sources */ = {isa = PBXBuildFile; fileRef = 6D4AD2EE1CFFFCA400CFC443 /* SettingViewController.m */; };
		6D4AD2F21D002B6800CFC443 /* BaseModel.m in Sources */ = {isa = PBXBuildFile; fileRef = 6D4AD2F11D002B6800CFC443 /* BaseModel.m */; };
		6D4AD2F51D002F3C00CFC443 /* MenuWebViewController.m in Sources */ = {isa = PBXBuildFile; fileRef = 6D4AD2F41D002F3C00CFC443 /* MenuWebViewController.m */; };
		6D4AD2FA1D0128CF00CFC443 /* SplashViewController.m in Sources */ = {isa = PBXBuildFile; fileRef = 6D4AD2F91D0128CF00CFC443 /* SplashViewController.m */; };
		6D4AD2FF1D012DF600CFC443 /* splash_640x960.png in Resources */ = {isa = PBXBuildFile; fileRef = 6D4AD2FB1D012DF600CFC443 /* splash_640x960.png */; };
		6D4AD3001D012DF600CFC443 /* splash_640x1136.png in Resources */ = {isa = PBXBuildFile; fileRef = 6D4AD2FC1D012DF600CFC443 /* splash_640x1136.png */; };
		6D4AD3011D012DF600CFC443 /* splash_750x1334.png in Resources */ = {isa = PBXBuildFile; fileRef = 6D4AD2FD1D012DF600CFC443 /* splash_750x1334.png */; };
		6D4AD3021D012DF600CFC443 /* splash_1242x2208.png in Resources */ = {isa = PBXBuildFile; fileRef = 6D4AD2FE1D012DF600CFC443 /* splash_1242x2208.png */; };
		6D4AD3081D01660F00CFC443 /* LogOutCollectionViewController.m in Sources */ = {isa = PBXBuildFile; fileRef = 6D4AD3071D01660F00CFC443 /* LogOutCollectionViewController.m */; };
		6D4AD30B1D01672C00CFC443 /* LogOutCollectionCell.m in Sources */ = {isa = PBXBuildFile; fileRef = 6D4AD30A1D01672C00CFC443 /* LogOutCollectionCell.m */; };
		6D4AD30E1D017B0700CFC443 /* LibraryClass.m in Sources */ = {isa = PBXBuildFile; fileRef = 6D4AD30D1D017B0700CFC443 /* LibraryClass.m */; };
		6D4B648D1CD2EDDA0078969D /* menu_store@2x.png in Resources */ = {isa = PBXBuildFile; fileRef = 6D4B648B1CD2EDDA0078969D /* menu_store@2x.png */; };
		6D4B648E1CD2EDDA0078969D /* menu_store@3x.png in Resources */ = {isa = PBXBuildFile; fileRef = 6D4B648C1CD2EDDA0078969D /* menu_store@3x.png */; };
		6D4B64911CD2F4590078969D /* icon_info@2x.png in Resources */ = {isa = PBXBuildFile; fileRef = 6D4B648F1CD2F4590078969D /* icon_info@2x.png */; };
		6D4B64921CD2F4590078969D /* icon_info@3x.png in Resources */ = {isa = PBXBuildFile; fileRef = 6D4B64901CD2F4590078969D /* icon_info@3x.png */; };
		6D4B64951CD2F7AA0078969D /* btn_menu_go@2x.png in Resources */ = {isa = PBXBuildFile; fileRef = 6D4B64931CD2F7AA0078969D /* btn_menu_go@2x.png */; };
		6D4B64961CD2F7AA0078969D /* btn_menu_go@3x.png in Resources */ = {isa = PBXBuildFile; fileRef = 6D4B64941CD2F7AA0078969D /* btn_menu_go@3x.png */; };
		6D4B64991CD3333B0078969D /* icon_notice_bell@2x.png in Resources */ = {isa = PBXBuildFile; fileRef = 6D4B64971CD3333B0078969D /* icon_notice_bell@2x.png */; };
		6D4B649A1CD3333B0078969D /* icon_notice_bell@3x.png in Resources */ = {isa = PBXBuildFile; fileRef = 6D4B64981CD3333B0078969D /* icon_notice_bell@3x.png */; };
		6D4C8A851CC71FDB006AEEBE /* main.m in Sources */ = {isa = PBXBuildFile; fileRef = 6D4C8A841CC71FDB006AEEBE /* main.m */; };
		6D4C8A881CC71FDB006AEEBE /* AppDelegate.m in Sources */ = {isa = PBXBuildFile; fileRef = 6D4C8A871CC71FDB006AEEBE /* AppDelegate.m */; };
		6D4C8A8E1CC71FDB006AEEBE /* Main.storyboard in Resources */ = {isa = PBXBuildFile; fileRef = 6D4C8A8C1CC71FDB006AEEBE /* Main.storyboard */; };
		6D4C8A901CC71FDB006AEEBE /* Assets.xcassets in Resources */ = {isa = PBXBuildFile; fileRef = 6D4C8A8F1CC71FDB006AEEBE /* Assets.xcassets */; };
		6D4C8A931CC71FDB006AEEBE /* LaunchScreen.storyboard in Resources */ = {isa = PBXBuildFile; fileRef = 6D4C8A911CC71FDB006AEEBE /* LaunchScreen.storyboard */; };
		6D4C8AA11CC72740006AEEBE /* ViewController.m in Sources */ = {isa = PBXBuildFile; fileRef = 6D4C8AA01CC72740006AEEBE /* ViewController.m */; };
		6D4C8AB41CC76BB9006AEEBE /* WebViewController.m in Sources */ = {isa = PBXBuildFile; fileRef = 6D4C8AB31CC76BB9006AEEBE /* WebViewController.m */; };
		6D4E43F01CF5459C002041F7 /* MenuEventViewController.m in Sources */ = {isa = PBXBuildFile; fileRef = 6D4E43EF1CF5459C002041F7 /* MenuEventViewController.m */; };
		6D4E43F31CF545AA002041F7 /* MenuNoticeViewController.m in Sources */ = {isa = PBXBuildFile; fileRef = 6D4E43F21CF545AA002041F7 /* MenuNoticeViewController.m */; };
		6D4E43F61CF545BC002041F7 /* MenuCustomerCenterViewController.m in Sources */ = {isa = PBXBuildFile; fileRef = 6D4E43F51CF545BC002041F7 /* MenuCustomerCenterViewController.m */; };
		6D4E43F91CF545CB002041F7 /* MenuAgreementViewController.m in Sources */ = {isa = PBXBuildFile; fileRef = 6D4E43F81CF545CB002041F7 /* MenuAgreementViewController.m */; };
		6D4E43FC1CF545DB002041F7 /* MenuUserInfoViewController.m in Sources */ = {isa = PBXBuildFile; fileRef = 6D4E43FB1CF545DB002041F7 /* MenuUserInfoViewController.m */; };
		6D50E08B1CF2A9C3003A7EB7 /* menu_setting@2x.png in Resources */ = {isa = PBXBuildFile; fileRef = 6D50E0891CF2A9C3003A7EB7 /* menu_setting@2x.png */; };
		6D50E08C1CF2A9C3003A7EB7 /* menu_setting@3x.png in Resources */ = {isa = PBXBuildFile; fileRef = 6D50E08A1CF2A9C3003A7EB7 /* menu_setting@3x.png */; };
		6D50E08F1CF2AA1E003A7EB7 /* img_profile_menu@2x.png in Resources */ = {isa = PBXBuildFile; fileRef = 6D50E08D1CF2AA1E003A7EB7 /* img_profile_menu@2x.png */; };
		6D50E0901CF2AA1E003A7EB7 /* img_profile_menu@3x.png in Resources */ = {isa = PBXBuildFile; fileRef = 6D50E08E1CF2AA1E003A7EB7 /* img_profile_menu@3x.png */; };
		6D51E12A1D0E7A42004124B8 /* RegCardViewController.m in Sources */ = {isa = PBXBuildFile; fileRef = 6D51E1291D0E7A42004124B8 /* RegCardViewController.m */; };
		6D51E12D1D0E8A3A004124B8 /* ChangePwViewController.m in Sources */ = {isa = PBXBuildFile; fileRef = 6D51E12C1D0E8A3A004124B8 /* ChangePwViewController.m */; };
		6D51E1301D0E9327004124B8 /* ReportCardLossViewController.m in Sources */ = {isa = PBXBuildFile; fileRef = 6D51E12F1D0E9327004124B8 /* ReportCardLossViewController.m */; };
		6D51E1331D0E9A10004124B8 /* RegCodeViewController.m in Sources */ = {isa = PBXBuildFile; fileRef = 6D51E1321D0E9A10004124B8 /* RegCodeViewController.m */; };
		6D51E1351D0EB9AB004124B8 /* box_white2@2x.png in Resources */ = {isa = PBXBuildFile; fileRef = 6D51E1341D0EB9AB004124B8 /* box_white2@2x.png */; };
		6D538D3E1D13BF5600107817 /* NotificationClass.m in Sources */ = {isa = PBXBuildFile; fileRef = 6D538D3D1D13BF5600107817 /* NotificationClass.m */; };
		6D538D411D13DF1100107817 /* PushModel.m in Sources */ = {isa = PBXBuildFile; fileRef = 6D538D401D13DF1100107817 /* PushModel.m */; };
		6D538D441D13F23E00107817 /* Payload.m in Sources */ = {isa = PBXBuildFile; fileRef = 6D538D431D13F23E00107817 /* Payload.m */; };
		6D5744E71D18CBD8000A1945 /* WKWebViewClass.m in Sources */ = {isa = PBXBuildFile; fileRef = 6D5744E61D18CBD8000A1945 /* WKWebViewClass.m */; };
		6D5744F01D18DFF2000A1945 /* WebViewClass.m in Sources */ = {isa = PBXBuildFile; fileRef = 6D5744EF1D18DFF2000A1945 /* WebViewClass.m */; };
		6D57FDF61D080CAC00AAAC2E /* IntroInformation.m in Sources */ = {isa = PBXBuildFile; fileRef = 6D57FDF51D080CAC00AAAC2E /* IntroInformation.m */; };
		6D5DA1181D20FEF900D2710D /* ImageScrollViewController.m in Sources */ = {isa = PBXBuildFile; fileRef = 6D5DA1171D20FEF900D2710D /* ImageScrollViewController.m */; };
		6D5DA1211D210A5600D2710D /* sc1.jpg in Resources */ = {isa = PBXBuildFile; fileRef = 6D5DA1191D210A5600D2710D /* sc1.jpg */; };
		6D5DA1221D210A5600D2710D /* sc2.jpg in Resources */ = {isa = PBXBuildFile; fileRef = 6D5DA11A1D210A5600D2710D /* sc2.jpg */; };
		6D5DA1231D210A5600D2710D /* sc3.jpg in Resources */ = {isa = PBXBuildFile; fileRef = 6D5DA11B1D210A5600D2710D /* sc3.jpg */; };
		6D5DA1241D210A5600D2710D /* sc4.jpg in Resources */ = {isa = PBXBuildFile; fileRef = 6D5DA11C1D210A5600D2710D /* sc4.jpg */; };
		6D5DA1251D210A5600D2710D /* sc5.jpg in Resources */ = {isa = PBXBuildFile; fileRef = 6D5DA11D1D210A5600D2710D /* sc5.jpg */; };
		6D5DA1261D210A5600D2710D /* sc6.jpg in Resources */ = {isa = PBXBuildFile; fileRef = 6D5DA11E1D210A5600D2710D /* sc6.jpg */; };
		6D5DA1271D210A5600D2710D /* sc7.jpg in Resources */ = {isa = PBXBuildFile; fileRef = 6D5DA11F1D210A5600D2710D /* sc7.jpg */; };
		6D5DA1281D210A5600D2710D /* sc8.jpg in Resources */ = {isa = PBXBuildFile; fileRef = 6D5DA1201D210A5600D2710D /* sc8.jpg */; };
		6D8AA64F1CD73A080044DF31 /* UserInformation.m in Sources */ = {isa = PBXBuildFile; fileRef = 6D8AA64E1CD73A080044DF31 /* UserInformation.m */; };
		6D9AE0F41CD1F9F700B99E2B /* btn_back@2x.png in Resources */ = {isa = PBXBuildFile; fileRef = 6D9AE0F21CD1F9F700B99E2B /* btn_back@2x.png */; };
		6D9AE0F51CD1F9F700B99E2B /* btn_back@3x.png in Resources */ = {isa = PBXBuildFile; fileRef = 6D9AE0F31CD1F9F700B99E2B /* btn_back@3x.png */; };
		6D9AE1001CD2018500B99E2B /* menu_brand@2x.png in Resources */ = {isa = PBXBuildFile; fileRef = 6D9AE0F61CD2018500B99E2B /* menu_brand@2x.png */; };
		6D9AE1011CD2018500B99E2B /* menu_brand@3x.png in Resources */ = {isa = PBXBuildFile; fileRef = 6D9AE0F71CD2018500B99E2B /* menu_brand@3x.png */; };
		6D9AE1021CD2018500B99E2B /* menu_card@2x.png in Resources */ = {isa = PBXBuildFile; fileRef = 6D9AE0F81CD2018500B99E2B /* menu_card@2x.png */; };
		6D9AE1031CD2018500B99E2B /* menu_card@3x.png in Resources */ = {isa = PBXBuildFile; fileRef = 6D9AE0F91CD2018500B99E2B /* menu_card@3x.png */; };
		6D9AE1041CD2018500B99E2B /* menu_home@2x.png in Resources */ = {isa = PBXBuildFile; fileRef = 6D9AE0FA1CD2018500B99E2B /* menu_home@2x.png */; };
		6D9AE1051CD2018500B99E2B /* menu_home@3x.png in Resources */ = {isa = PBXBuildFile; fileRef = 6D9AE0FB1CD2018500B99E2B /* menu_home@3x.png */; };
		6D9AE1061CD2018500B99E2B /* menu_point@2x.png in Resources */ = {isa = PBXBuildFile; fileRef = 6D9AE0FC1CD2018500B99E2B /* menu_point@2x.png */; };
		6D9AE1071CD2018500B99E2B /* menu_point@3x.png in Resources */ = {isa = PBXBuildFile; fileRef = 6D9AE0FD1CD2018500B99E2B /* menu_point@3x.png */; };
		6D9AE1081CD2018500B99E2B /* top_logo@2x.png in Resources */ = {isa = PBXBuildFile; fileRef = 6D9AE0FE1CD2018500B99E2B /* top_logo@2x.png */; };
		6D9AE1091CD2018500B99E2B /* top_logo@3x.png in Resources */ = {isa = PBXBuildFile; fileRef = 6D9AE0FF1CD2018500B99E2B /* top_logo@3x.png */; };
		6D9AE10C1CD2025200B99E2B /* btn_menu@2x.png in Resources */ = {isa = PBXBuildFile; fileRef = 6D9AE10A1CD2025200B99E2B /* btn_menu@2x.png */; };
		6D9AE10D1CD2025200B99E2B /* btn_menu@3x.png in Resources */ = {isa = PBXBuildFile; fileRef = 6D9AE10B1CD2025200B99E2B /* btn_menu@3x.png */; };
		6DAD689C1CEABED500C25969 /* CardCell.m in Sources */ = {isa = PBXBuildFile; fileRef = 6DAD689B1CEABED500C25969 /* CardCell.m */; };
		6DB010771CC9F31C00C06A5E /* IntroUiViewController.m in Sources */ = {isa = PBXBuildFile; fileRef = 6DB010761CC9F31C00C06A5E /* IntroUiViewController.m */; };
		6DB0107F1CCA0FE800C06A5E /* SM_logos.png in Resources */ = {isa = PBXBuildFile; fileRef = 6DB0107E1CCA0FE800C06A5E /* SM_logos.png */; };
		6DB010811CCA101D00C06A5E /* smtownmembership_logo@3x.png in Resources */ = {isa = PBXBuildFile; fileRef = 6DB010801CCA101D00C06A5E /* smtownmembership_logo@3x.png */; };
		6DB792ED1CF30211008AF993 /* ShowMenuViewController.m in Sources */ = {isa = PBXBuildFile; fileRef = 6DB792EC1CF30211008AF993 /* ShowMenuViewController.m */; };
		6DCE6CCE1CF5A7DA0037D4FB /* EventCell.m in Sources */ = {isa = PBXBuildFile; fileRef = 6DCE6CCD1CF5A7DA0037D4FB /* EventCell.m */; };
		6DD25A6A1D2215D2004DCEE1 /* btn_profile_modify@2x.png in Resources */ = {isa = PBXBuildFile; fileRef = 6DD25A681D2215D2004DCEE1 /* btn_profile_modify@2x.png */; };
		6DD25A6B1D2215D2004DCEE1 /* btn_profile_modify@3x.png in Resources */ = {isa = PBXBuildFile; fileRef = 6DD25A691D2215D2004DCEE1 /* btn_profile_modify@3x.png */; };
		6DF050731CD9DBC0006C9513 /* UtilityClass.m in Sources */ = {isa = PBXBuildFile; fileRef = 6DF050721CD9DBC0006C9513 /* UtilityClass.m */; };
		6DF050761CD9F837006C9513 /* BaseViewController.m in Sources */ = {isa = PBXBuildFile; fileRef = 6DF050751CD9F837006C9513 /* BaseViewController.m */; };
		ACF79B791CC7488300B89C4E /* DemoListViewController.m in Sources */ = {isa = PBXBuildFile; fileRef = ACF79B781CC7488300B89C4E /* DemoListViewController.m */; };
		B5503D204E7576652F102672 /* libPods.a in Frameworks */ = {isa = PBXBuildFile; fileRef = 58DFFF5F81BBE5DE4D654762 /* libPods.a */; };
/* End PBXBuildFile section */

/* Begin PBXFileReference section */
		58DFFF5F81BBE5DE4D654762 /* libPods.a */ = {isa = PBXFileReference; explicitFileType = archive.ar; includeInIndex = 0; path = libPods.a; sourceTree = BUILT_PRODUCTS_DIR; };
		6D00A7631CEF071F00481C9C /* MenuViewController.h */ = {isa = PBXFileReference; fileEncoding = 4; lastKnownFileType = sourcecode.c.h; path = MenuViewController.h; sourceTree = "<group>"; };
		6D00A7641CEF071F00481C9C /* MenuViewController.m */ = {isa = PBXFileReference; fileEncoding = 4; lastKnownFileType = sourcecode.c.objc; path = MenuViewController.m; sourceTree = "<group>"; };
		6D0D88251D0FF68E0038B718 /* HTTPClient.h */ = {isa = PBXFileReference; fileEncoding = 4; lastKnownFileType = sourcecode.c.h; path = HTTPClient.h; sourceTree = "<group>"; };
		6D0D88261D0FF68E0038B718 /* HTTPClient.m */ = {isa = PBXFileReference; fileEncoding = 4; lastKnownFileType = sourcecode.c.objc; path = HTTPClient.m; sourceTree = "<group>"; };
		6D132B4A1D193B6700E38D10 /* ScriptResults.h */ = {isa = PBXFileReference; fileEncoding = 4; lastKnownFileType = sourcecode.c.h; path = ScriptResults.h; sourceTree = "<group>"; };
		6D132B4B1D193B6700E38D10 /* ScriptResults.m */ = {isa = PBXFileReference; fileEncoding = 4; lastKnownFileType = sourcecode.c.objc; path = ScriptResults.m; sourceTree = "<group>"; };
		6D1470081CEC3D74001529A2 /* icon_store_location@2x.png */ = {isa = PBXFileReference; lastKnownFileType = image.png; path = "icon_store_location@2x.png"; sourceTree = "<group>"; };
		6D1470091CEC3D74001529A2 /* icon_store_location@3x.png */ = {isa = PBXFileReference; lastKnownFileType = image.png; path = "icon_store_location@3x.png"; sourceTree = "<group>"; };
		6D14700A1CEC3D74001529A2 /* icon_store_phone@2x.png */ = {isa = PBXFileReference; lastKnownFileType = image.png; path = "icon_store_phone@2x.png"; sourceTree = "<group>"; };
		6D14700B1CEC3D74001529A2 /* icon_store_phone@3x.png */ = {isa = PBXFileReference; lastKnownFileType = image.png; path = "icon_store_phone@3x.png"; sourceTree = "<group>"; };
		6D1470101CEC4070001529A2 /* StoreInformation.h */ = {isa = PBXFileReference; fileEncoding = 4; lastKnownFileType = sourcecode.c.h; path = StoreInformation.h; sourceTree = "<group>"; };
		6D1470111CEC4070001529A2 /* StoreInformation.m */ = {isa = PBXFileReference; fileEncoding = 4; lastKnownFileType = sourcecode.c.objc; path = StoreInformation.m; sourceTree = "<group>"; };
		6D1470131CEC4DE5001529A2 /* StoreCell.h */ = {isa = PBXFileReference; fileEncoding = 4; lastKnownFileType = sourcecode.c.h; path = StoreCell.h; sourceTree = "<group>"; };
		6D1470141CEC4DE5001529A2 /* StoreCell.m */ = {isa = PBXFileReference; fileEncoding = 4; lastKnownFileType = sourcecode.c.objc; path = StoreCell.m; sourceTree = "<group>"; };
		6D1470161CEC578A001529A2 /* loading@2x.png */ = {isa = PBXFileReference; lastKnownFileType = image.png; path = "loading@2x.png"; sourceTree = "<group>"; };
		6D1470171CEC578A001529A2 /* loading@3x.png */ = {isa = PBXFileReference; lastKnownFileType = image.png; path = "loading@3x.png"; sourceTree = "<group>"; };
		6D14701A1CEC6130001529A2 /* ImageDownload.h */ = {isa = PBXFileReference; fileEncoding = 4; lastKnownFileType = sourcecode.c.h; path = ImageDownload.h; sourceTree = "<group>"; };
		6D14701B1CEC6130001529A2 /* ImageDownload.m */ = {isa = PBXFileReference; fileEncoding = 4; lastKnownFileType = sourcecode.c.objc; path = ImageDownload.m; sourceTree = "<group>"; };
		6D18606B1CF3F55E00F8CB6C /* MenuCell.h */ = {isa = PBXFileReference; fileEncoding = 4; lastKnownFileType = sourcecode.c.h; path = MenuCell.h; sourceTree = "<group>"; };
		6D18606C1CF3F55E00F8CB6C /* MenuCell.m */ = {isa = PBXFileReference; fileEncoding = 4; lastKnownFileType = sourcecode.c.objc; path = MenuCell.m; sourceTree = "<group>"; };
		6D2463C61CD87D7B00A92302 /* icon_grade_vip@2x.png */ = {isa = PBXFileReference; lastKnownFileType = image.png; path = "icon_grade_vip@2x.png"; sourceTree = "<group>"; };
		6D2463C71CD87D7B00A92302 /* icon_grade_vip@3x.png */ = {isa = PBXFileReference; lastKnownFileType = image.png; path = "icon_grade_vip@3x.png"; sourceTree = "<group>"; };
		6D247F6B1CE16D8500EBE9DB /* ButtonView.h */ = {isa = PBXFileReference; fileEncoding = 4; lastKnownFileType = sourcecode.c.h; path = ButtonView.h; sourceTree = "<group>"; };
		6D247F6C1CE16D8500EBE9DB /* ButtonView.m */ = {isa = PBXFileReference; fileEncoding = 4; lastKnownFileType = sourcecode.c.objc; path = ButtonView.m; sourceTree = "<group>"; };
		6D247F6E1CE16D8C00EBE9DB /* LabelView.h */ = {isa = PBXFileReference; fileEncoding = 4; lastKnownFileType = sourcecode.c.h; path = LabelView.h; sourceTree = "<group>"; };
		6D247F6F1CE16D8C00EBE9DB /* LabelView.m */ = {isa = PBXFileReference; fileEncoding = 4; lastKnownFileType = sourcecode.c.objc; path = LabelView.m; sourceTree = "<group>"; };
		6D247F711CE16D9700EBE9DB /* SwitchView.h */ = {isa = PBXFileReference; fileEncoding = 4; lastKnownFileType = sourcecode.c.h; path = SwitchView.h; sourceTree = "<group>"; };
		6D247F721CE16D9700EBE9DB /* SwitchView.m */ = {isa = PBXFileReference; fileEncoding = 4; lastKnownFileType = sourcecode.c.objc; path = SwitchView.m; sourceTree = "<group>"; };
		6D247F741CE16F2700EBE9DB /* ShowImageView.h */ = {isa = PBXFileReference; fileEncoding = 4; lastKnownFileType = sourcecode.c.h; path = ShowImageView.h; sourceTree = "<group>"; };
		6D247F751CE16F2700EBE9DB /* ShowImageView.m */ = {isa = PBXFileReference; fileEncoding = 4; lastKnownFileType = sourcecode.c.objc; path = ShowImageView.m; sourceTree = "<group>"; };
		6D247F771CE1CB9100EBE9DB /* MainViewController.h */ = {isa = PBXFileReference; fileEncoding = 4; lastKnownFileType = sourcecode.c.h; path = MainViewController.h; sourceTree = "<group>"; };
		6D247F781CE1CB9200EBE9DB /* MainViewController.m */ = {isa = PBXFileReference; fileEncoding = 4; lastKnownFileType = sourcecode.c.objc; path = MainViewController.m; sourceTree = "<group>"; };
		6D247F7A1CE1CBEE00EBE9DB /* MainCollectionCell.h */ = {isa = PBXFileReference; fileEncoding = 4; lastKnownFileType = sourcecode.c.h; path = MainCollectionCell.h; sourceTree = "<group>"; };
		6D247F7B1CE1CBEE00EBE9DB /* MainCollectionCell.m */ = {isa = PBXFileReference; fileEncoding = 4; lastKnownFileType = sourcecode.c.objc; path = MainCollectionCell.m; sourceTree = "<group>"; };
		6D247F7D1CE1CFEA00EBE9DB /* PointViewController.h */ = {isa = PBXFileReference; fileEncoding = 4; lastKnownFileType = sourcecode.c.h; path = PointViewController.h; sourceTree = "<group>"; };
		6D247F7E1CE1CFEA00EBE9DB /* PointViewController.m */ = {isa = PBXFileReference; fileEncoding = 4; lastKnownFileType = sourcecode.c.objc; path = PointViewController.m; sourceTree = "<group>"; };
		6D247F801CE1CFF300EBE9DB /* CardViewController.h */ = {isa = PBXFileReference; fileEncoding = 4; lastKnownFileType = sourcecode.c.h; path = CardViewController.h; sourceTree = "<group>"; };
		6D247F811CE1CFF300EBE9DB /* CardViewController.m */ = {isa = PBXFileReference; fileEncoding = 4; lastKnownFileType = sourcecode.c.objc; path = CardViewController.m; sourceTree = "<group>"; };
		6D247F831CE1CFFC00EBE9DB /* StoreViewController.h */ = {isa = PBXFileReference; fileEncoding = 4; lastKnownFileType = sourcecode.c.h; path = StoreViewController.h; sourceTree = "<group>"; };
		6D247F841CE1CFFC00EBE9DB /* StoreViewController.m */ = {isa = PBXFileReference; fileEncoding = 4; lastKnownFileType = sourcecode.c.objc; path = StoreViewController.m; sourceTree = "<group>"; };
		6D330C041CEABADC00DF266D /* CardCell.h */ = {isa = PBXFileReference; lastKnownFileType = sourcecode.c.h; path = CardCell.h; sourceTree = "<group>"; };
		6D33AE021CE5662700B2DFE4 /* WebKit.framework */ = {isa = PBXFileReference; lastKnownFileType = wrapper.framework; name = WebKit.framework; path = System/Library/Frameworks/WebKit.framework; sourceTree = SDKROOT; };
		6D3A5FF41CE05F95009DB0E4 /* CollectionViewController.h */ = {isa = PBXFileReference; fileEncoding = 4; lastKnownFileType = sourcecode.c.h; path = CollectionViewController.h; sourceTree = "<group>"; };
		6D3A5FF51CE05F95009DB0E4 /* CollectionViewController.m */ = {isa = PBXFileReference; fileEncoding = 4; lastKnownFileType = sourcecode.c.objc; path = CollectionViewController.m; sourceTree = "<group>"; };
		6D3A5FF71CE06B8D009DB0E4 /* CollectionCell.h */ = {isa = PBXFileReference; fileEncoding = 4; lastKnownFileType = sourcecode.c.h; path = CollectionCell.h; sourceTree = "<group>"; };
		6D3A5FF81CE06B8D009DB0E4 /* CollectionCell.m */ = {isa = PBXFileReference; fileEncoding = 4; lastKnownFileType = sourcecode.c.objc; path = CollectionCell.m; sourceTree = "<group>"; };
		6D464AE01CD057630035FF68 /* LogInViewController.h */ = {isa = PBXFileReference; fileEncoding = 4; lastKnownFileType = sourcecode.c.h; path = LogInViewController.h; sourceTree = "<group>"; };
		6D464AE11CD057630035FF68 /* LogInViewController.m */ = {isa = PBXFileReference; fileEncoding = 4; lastKnownFileType = sourcecode.c.objc; path = LogInViewController.m; sourceTree = "<group>"; };
		6D464AE31CD082E20035FF68 /* HomeViewController.h */ = {isa = PBXFileReference; fileEncoding = 4; lastKnownFileType = sourcecode.c.h; path = HomeViewController.h; sourceTree = "<group>"; };
		6D464AE41CD082E20035FF68 /* HomeViewController.m */ = {isa = PBXFileReference; fileEncoding = 4; lastKnownFileType = sourcecode.c.objc; path = HomeViewController.m; sourceTree = "<group>"; };
		6D464AE91CD092AF0035FF68 /* img_card_main@2x.png */ = {isa = PBXFileReference; lastKnownFileType = image.png; path = "img_card_main@2x.png"; sourceTree = "<group>"; };
		6D464AEA1CD092AF0035FF68 /* img_card_main@3x.png */ = {isa = PBXFileReference; lastKnownFileType = image.png; path = "img_card_main@3x.png"; sourceTree = "<group>"; };
		6D464AEB1CD092AF0035FF68 /* img_main_profile@2x.png */ = {isa = PBXFileReference; lastKnownFileType = image.png; path = "img_main_profile@2x.png"; sourceTree = "<group>"; };
		6D464AEC1CD092AF0035FF68 /* img_main_profile@3x.png */ = {isa = PBXFileReference; lastKnownFileType = image.png; path = "img_main_profile@3x.png"; sourceTree = "<group>"; };
		6D468FA71CE5B48900538EE0 /* btn_card_largeimg_sub@2x.png */ = {isa = PBXFileReference; lastKnownFileType = image.png; path = "btn_card_largeimg_sub@2x.png"; sourceTree = "<group>"; };
		6D468FA81CE5B48900538EE0 /* btn_card_largeimg_sub@3x.png */ = {isa = PBXFileReference; lastKnownFileType = image.png; path = "btn_card_largeimg_sub@3x.png"; sourceTree = "<group>"; };
		6D468FA91CE5B48900538EE0 /* img_card_sub@2x.png */ = {isa = PBXFileReference; lastKnownFileType = image.png; path = "img_card_sub@2x.png"; sourceTree = "<group>"; };
		6D468FAA1CE5B48900538EE0 /* img_card_sub@3x.png */ = {isa = PBXFileReference; lastKnownFileType = image.png; path = "img_card_sub@3x.png"; sourceTree = "<group>"; };
		6D468FAF1CE5D55D00538EE0 /* BarcodeViewController.h */ = {isa = PBXFileReference; fileEncoding = 4; lastKnownFileType = sourcecode.c.h; path = BarcodeViewController.h; sourceTree = "<group>"; };
		6D468FB01CE5D55D00538EE0 /* BarcodeViewController.m */ = {isa = PBXFileReference; fileEncoding = 4; lastKnownFileType = sourcecode.c.objc; path = BarcodeViewController.m; sourceTree = "<group>"; };
		6D4787201CFEC41C001A9A52 /* btn_popup_close@2x.png */ = {isa = PBXFileReference; lastKnownFileType = image.png; path = "btn_popup_close@2x.png"; sourceTree = "<group>"; };
		6D4787211CFEC41C001A9A52 /* btn_popup_close@3x.png */ = {isa = PBXFileReference; lastKnownFileType = image.png; path = "btn_popup_close@3x.png"; sourceTree = "<group>"; };
		6D4787241CFED047001A9A52 /* MainInformation.h */ = {isa = PBXFileReference; fileEncoding = 4; lastKnownFileType = sourcecode.c.h; path = MainInformation.h; sourceTree = "<group>"; };
		6D4787251CFED047001A9A52 /* MainInformation.m */ = {isa = PBXFileReference; fileEncoding = 4; lastKnownFileType = sourcecode.c.objc; path = MainInformation.m; sourceTree = "<group>"; };
		6D489A8F1D179E8000E3B010 /* GenerateBarcode.h */ = {isa = PBXFileReference; fileEncoding = 4; lastKnownFileType = sourcecode.c.h; path = GenerateBarcode.h; sourceTree = "<group>"; };
		6D489A901D179E8000E3B010 /* GenerateBarcode.m */ = {isa = PBXFileReference; fileEncoding = 4; lastKnownFileType = sourcecode.c.objc; path = GenerateBarcode.m; sourceTree = "<group>"; };
		6D4AD2ED1CFFFCA400CFC443 /* SettingViewController.h */ = {isa = PBXFileReference; fileEncoding = 4; lastKnownFileType = sourcecode.c.h; path = SettingViewController.h; sourceTree = "<group>"; };
		6D4AD2EE1CFFFCA400CFC443 /* SettingViewController.m */ = {isa = PBXFileReference; fileEncoding = 4; lastKnownFileType = sourcecode.c.objc; path = SettingViewController.m; sourceTree = "<group>"; };
		6D4AD2F01D002B6800CFC443 /* BaseModel.h */ = {isa = PBXFileReference; fileEncoding = 4; lastKnownFileType = sourcecode.c.h; path = BaseModel.h; sourceTree = "<group>"; };
		6D4AD2F11D002B6800CFC443 /* BaseModel.m */ = {isa = PBXFileReference; fileEncoding = 4; lastKnownFileType = sourcecode.c.objc; path = BaseModel.m; sourceTree = "<group>"; };
		6D4AD2F31D002F3C00CFC443 /* MenuWebViewController.h */ = {isa = PBXFileReference; fileEncoding = 4; lastKnownFileType = sourcecode.c.h; path = MenuWebViewController.h; sourceTree = "<group>"; };
		6D4AD2F41D002F3C00CFC443 /* MenuWebViewController.m */ = {isa = PBXFileReference; fileEncoding = 4; lastKnownFileType = sourcecode.c.objc; path = MenuWebViewController.m; sourceTree = "<group>"; };
		6D4AD2F81D0128CF00CFC443 /* SplashViewController.h */ = {isa = PBXFileReference; fileEncoding = 4; lastKnownFileType = sourcecode.c.h; path = SplashViewController.h; sourceTree = "<group>"; };
		6D4AD2F91D0128CF00CFC443 /* SplashViewController.m */ = {isa = PBXFileReference; fileEncoding = 4; lastKnownFileType = sourcecode.c.objc; path = SplashViewController.m; sourceTree = "<group>"; };
		6D4AD2FB1D012DF600CFC443 /* splash_640x960.png */ = {isa = PBXFileReference; lastKnownFileType = image.png; path = splash_640x960.png; sourceTree = "<group>"; };
		6D4AD2FC1D012DF600CFC443 /* splash_640x1136.png */ = {isa = PBXFileReference; lastKnownFileType = image.png; path = splash_640x1136.png; sourceTree = "<group>"; };
		6D4AD2FD1D012DF600CFC443 /* splash_750x1334.png */ = {isa = PBXFileReference; lastKnownFileType = image.png; path = splash_750x1334.png; sourceTree = "<group>"; };
		6D4AD2FE1D012DF600CFC443 /* splash_1242x2208.png */ = {isa = PBXFileReference; lastKnownFileType = image.png; path = splash_1242x2208.png; sourceTree = "<group>"; };
		6D4AD3061D01660F00CFC443 /* LogOutCollectionViewController.h */ = {isa = PBXFileReference; fileEncoding = 4; lastKnownFileType = sourcecode.c.h; path = LogOutCollectionViewController.h; sourceTree = "<group>"; };
		6D4AD3071D01660F00CFC443 /* LogOutCollectionViewController.m */ = {isa = PBXFileReference; fileEncoding = 4; lastKnownFileType = sourcecode.c.objc; path = LogOutCollectionViewController.m; sourceTree = "<group>"; };
		6D4AD3091D01672C00CFC443 /* LogOutCollectionCell.h */ = {isa = PBXFileReference; fileEncoding = 4; lastKnownFileType = sourcecode.c.h; path = LogOutCollectionCell.h; sourceTree = "<group>"; };
		6D4AD30A1D01672C00CFC443 /* LogOutCollectionCell.m */ = {isa = PBXFileReference; fileEncoding = 4; lastKnownFileType = sourcecode.c.objc; path = LogOutCollectionCell.m; sourceTree = "<group>"; };
		6D4AD30C1D017B0700CFC443 /* LibraryClass.h */ = {isa = PBXFileReference; fileEncoding = 4; lastKnownFileType = sourcecode.c.h; path = LibraryClass.h; sourceTree = "<group>"; };
		6D4AD30D1D017B0700CFC443 /* LibraryClass.m */ = {isa = PBXFileReference; fileEncoding = 4; lastKnownFileType = sourcecode.c.objc; path = LibraryClass.m; sourceTree = "<group>"; };
		6D4B648B1CD2EDDA0078969D /* menu_store@2x.png */ = {isa = PBXFileReference; lastKnownFileType = image.png; path = "menu_store@2x.png"; sourceTree = "<group>"; };
		6D4B648C1CD2EDDA0078969D /* menu_store@3x.png */ = {isa = PBXFileReference; lastKnownFileType = image.png; path = "menu_store@3x.png"; sourceTree = "<group>"; };
		6D4B648F1CD2F4590078969D /* icon_info@2x.png */ = {isa = PBXFileReference; lastKnownFileType = image.png; path = "icon_info@2x.png"; sourceTree = "<group>"; };
		6D4B64901CD2F4590078969D /* icon_info@3x.png */ = {isa = PBXFileReference; lastKnownFileType = image.png; path = "icon_info@3x.png"; sourceTree = "<group>"; };
		6D4B64931CD2F7AA0078969D /* btn_menu_go@2x.png */ = {isa = PBXFileReference; lastKnownFileType = image.png; path = "btn_menu_go@2x.png"; sourceTree = "<group>"; };
		6D4B64941CD2F7AA0078969D /* btn_menu_go@3x.png */ = {isa = PBXFileReference; lastKnownFileType = image.png; path = "btn_menu_go@3x.png"; sourceTree = "<group>"; };
		6D4B64971CD3333B0078969D /* icon_notice_bell@2x.png */ = {isa = PBXFileReference; lastKnownFileType = image.png; path = "icon_notice_bell@2x.png"; sourceTree = "<group>"; };
		6D4B64981CD3333B0078969D /* icon_notice_bell@3x.png */ = {isa = PBXFileReference; lastKnownFileType = image.png; path = "icon_notice_bell@3x.png"; sourceTree = "<group>"; };
		6D4C8A801CC71FDB006AEEBE /* NavigationController.app */ = {isa = PBXFileReference; explicitFileType = wrapper.application; includeInIndex = 0; path = NavigationController.app; sourceTree = BUILT_PRODUCTS_DIR; };
		6D4C8A841CC71FDB006AEEBE /* main.m */ = {isa = PBXFileReference; lastKnownFileType = sourcecode.c.objc; path = main.m; sourceTree = "<group>"; };
		6D4C8A861CC71FDB006AEEBE /* AppDelegate.h */ = {isa = PBXFileReference; lastKnownFileType = sourcecode.c.h; path = AppDelegate.h; sourceTree = "<group>"; };
		6D4C8A871CC71FDB006AEEBE /* AppDelegate.m */ = {isa = PBXFileReference; lastKnownFileType = sourcecode.c.objc; path = AppDelegate.m; sourceTree = "<group>"; };
		6D4C8A8D1CC71FDB006AEEBE /* Base */ = {isa = PBXFileReference; lastKnownFileType = file.storyboard; name = Base; path = Base.lproj/Main.storyboard; sourceTree = "<group>"; };
		6D4C8A8F1CC71FDB006AEEBE /* Assets.xcassets */ = {isa = PBXFileReference; lastKnownFileType = folder.assetcatalog; path = Assets.xcassets; sourceTree = "<group>"; };
		6D4C8A921CC71FDB006AEEBE /* Base */ = {isa = PBXFileReference; lastKnownFileType = file.storyboard; name = Base; path = Base.lproj/LaunchScreen.storyboard; sourceTree = "<group>"; };
		6D4C8A941CC71FDB006AEEBE /* Info.plist */ = {isa = PBXFileReference; lastKnownFileType = text.plist.xml; path = Info.plist; sourceTree = "<group>"; };
		6D4C8A9F1CC72740006AEEBE /* ViewController.h */ = {isa = PBXFileReference; fileEncoding = 4; lastKnownFileType = sourcecode.c.h; name = ViewController.h; path = ../../TestAttributeString/TestAttributeString/ViewController.h; sourceTree = "<group>"; };
		6D4C8AA01CC72740006AEEBE /* ViewController.m */ = {isa = PBXFileReference; fileEncoding = 4; lastKnownFileType = sourcecode.c.objc; name = ViewController.m; path = ../../TestAttributeString/TestAttributeString/ViewController.m; sourceTree = "<group>"; };
		6D4C8AB21CC76BB9006AEEBE /* WebViewController.h */ = {isa = PBXFileReference; fileEncoding = 4; lastKnownFileType = sourcecode.c.h; path = WebViewController.h; sourceTree = "<group>"; };
		6D4C8AB31CC76BB9006AEEBE /* WebViewController.m */ = {isa = PBXFileReference; fileEncoding = 4; lastKnownFileType = sourcecode.c.objc; path = WebViewController.m; sourceTree = "<group>"; };
		6D4E43EE1CF5459C002041F7 /* MenuEventViewController.h */ = {isa = PBXFileReference; fileEncoding = 4; lastKnownFileType = sourcecode.c.h; path = MenuEventViewController.h; sourceTree = "<group>"; };
		6D4E43EF1CF5459C002041F7 /* MenuEventViewController.m */ = {isa = PBXFileReference; fileEncoding = 4; lastKnownFileType = sourcecode.c.objc; path = MenuEventViewController.m; sourceTree = "<group>"; };
		6D4E43F11CF545AA002041F7 /* MenuNoticeViewController.h */ = {isa = PBXFileReference; fileEncoding = 4; lastKnownFileType = sourcecode.c.h; path = MenuNoticeViewController.h; sourceTree = "<group>"; };
		6D4E43F21CF545AA002041F7 /* MenuNoticeViewController.m */ = {isa = PBXFileReference; fileEncoding = 4; lastKnownFileType = sourcecode.c.objc; path = MenuNoticeViewController.m; sourceTree = "<group>"; };
		6D4E43F41CF545BC002041F7 /* MenuCustomerCenterViewController.h */ = {isa = PBXFileReference; fileEncoding = 4; lastKnownFileType = sourcecode.c.h; path = MenuCustomerCenterViewController.h; sourceTree = "<group>"; };
		6D4E43F51CF545BC002041F7 /* MenuCustomerCenterViewController.m */ = {isa = PBXFileReference; fileEncoding = 4; lastKnownFileType = sourcecode.c.objc; path = MenuCustomerCenterViewController.m; sourceTree = "<group>"; };
		6D4E43F71CF545CB002041F7 /* MenuAgreementViewController.h */ = {isa = PBXFileReference; fileEncoding = 4; lastKnownFileType = sourcecode.c.h; path = MenuAgreementViewController.h; sourceTree = "<group>"; };
		6D4E43F81CF545CB002041F7 /* MenuAgreementViewController.m */ = {isa = PBXFileReference; fileEncoding = 4; lastKnownFileType = sourcecode.c.objc; path = MenuAgreementViewController.m; sourceTree = "<group>"; };
		6D4E43FA1CF545DB002041F7 /* MenuUserInfoViewController.h */ = {isa = PBXFileReference; fileEncoding = 4; lastKnownFileType = sourcecode.c.h; path = MenuUserInfoViewController.h; sourceTree = "<group>"; };
		6D4E43FB1CF545DB002041F7 /* MenuUserInfoViewController.m */ = {isa = PBXFileReference; fileEncoding = 4; lastKnownFileType = sourcecode.c.objc; path = MenuUserInfoViewController.m; sourceTree = "<group>"; };
		6D50E0891CF2A9C3003A7EB7 /* menu_setting@2x.png */ = {isa = PBXFileReference; lastKnownFileType = image.png; path = "menu_setting@2x.png"; sourceTree = "<group>"; };
		6D50E08A1CF2A9C3003A7EB7 /* menu_setting@3x.png */ = {isa = PBXFileReference; lastKnownFileType = image.png; path = "menu_setting@3x.png"; sourceTree = "<group>"; };
		6D50E08D1CF2AA1E003A7EB7 /* img_profile_menu@2x.png */ = {isa = PBXFileReference; lastKnownFileType = image.png; path = "img_profile_menu@2x.png"; sourceTree = "<group>"; };
		6D50E08E1CF2AA1E003A7EB7 /* img_profile_menu@3x.png */ = {isa = PBXFileReference; lastKnownFileType = image.png; path = "img_profile_menu@3x.png"; sourceTree = "<group>"; };
		6D51E1281D0E7A42004124B8 /* RegCardViewController.h */ = {isa = PBXFileReference; fileEncoding = 4; lastKnownFileType = sourcecode.c.h; path = RegCardViewController.h; sourceTree = "<group>"; };
		6D51E1291D0E7A42004124B8 /* RegCardViewController.m */ = {isa = PBXFileReference; fileEncoding = 4; lastKnownFileType = sourcecode.c.objc; path = RegCardViewController.m; sourceTree = "<group>"; };
		6D51E12B1D0E8A3A004124B8 /* ChangePwViewController.h */ = {isa = PBXFileReference; fileEncoding = 4; lastKnownFileType = sourcecode.c.h; path = ChangePwViewController.h; sourceTree = "<group>"; };
		6D51E12C1D0E8A3A004124B8 /* ChangePwViewController.m */ = {isa = PBXFileReference; fileEncoding = 4; lastKnownFileType = sourcecode.c.objc; path = ChangePwViewController.m; sourceTree = "<group>"; };
		6D51E12E1D0E9327004124B8 /* ReportCardLossViewController.h */ = {isa = PBXFileReference; fileEncoding = 4; lastKnownFileType = sourcecode.c.h; path = ReportCardLossViewController.h; sourceTree = "<group>"; };
		6D51E12F1D0E9327004124B8 /* ReportCardLossViewController.m */ = {isa = PBXFileReference; fileEncoding = 4; lastKnownFileType = sourcecode.c.objc; path = ReportCardLossViewController.m; sourceTree = "<group>"; };
		6D51E1311D0E9A10004124B8 /* RegCodeViewController.h */ = {isa = PBXFileReference; fileEncoding = 4; lastKnownFileType = sourcecode.c.h; path = RegCodeViewController.h; sourceTree = "<group>"; };
		6D51E1321D0E9A10004124B8 /* RegCodeViewController.m */ = {isa = PBXFileReference; fileEncoding = 4; lastKnownFileType = sourcecode.c.objc; path = RegCodeViewController.m; sourceTree = "<group>"; };
		6D51E1341D0EB9AB004124B8 /* box_white2@2x.png */ = {isa = PBXFileReference; lastKnownFileType = image.png; path = "box_white2@2x.png"; sourceTree = "<group>"; };
		6D538D3C1D13BF5600107817 /* NotificationClass.h */ = {isa = PBXFileReference; fileEncoding = 4; lastKnownFileType = sourcecode.c.h; path = NotificationClass.h; sourceTree = "<group>"; };
		6D538D3D1D13BF5600107817 /* NotificationClass.m */ = {isa = PBXFileReference; fileEncoding = 4; lastKnownFileType = sourcecode.c.objc; path = NotificationClass.m; sourceTree = "<group>"; };
		6D538D3F1D13DF1100107817 /* PushModel.h */ = {isa = PBXFileReference; fileEncoding = 4; lastKnownFileType = sourcecode.c.h; path = PushModel.h; sourceTree = "<group>"; };
		6D538D401D13DF1100107817 /* PushModel.m */ = {isa = PBXFileReference; fileEncoding = 4; lastKnownFileType = sourcecode.c.objc; path = PushModel.m; sourceTree = "<group>"; };
		6D538D421D13F23E00107817 /* Payload.h */ = {isa = PBXFileReference; fileEncoding = 4; lastKnownFileType = sourcecode.c.h; path = Payload.h; sourceTree = "<group>"; };
		6D538D431D13F23E00107817 /* Payload.m */ = {isa = PBXFileReference; fileEncoding = 4; lastKnownFileType = sourcecode.c.objc; path = Payload.m; sourceTree = "<group>"; };
		6D5744E51D18CBD8000A1945 /* WKWebViewClass.h */ = {isa = PBXFileReference; fileEncoding = 4; lastKnownFileType = sourcecode.c.h; path = WKWebViewClass.h; sourceTree = "<group>"; };
		6D5744E61D18CBD8000A1945 /* WKWebViewClass.m */ = {isa = PBXFileReference; fileEncoding = 4; lastKnownFileType = sourcecode.c.objc; path = WKWebViewClass.m; sourceTree = "<group>"; };
		6D5744EE1D18DFF2000A1945 /* WebViewClass.h */ = {isa = PBXFileReference; fileEncoding = 4; lastKnownFileType = sourcecode.c.h; path = WebViewClass.h; sourceTree = "<group>"; };
		6D5744EF1D18DFF2000A1945 /* WebViewClass.m */ = {isa = PBXFileReference; fileEncoding = 4; lastKnownFileType = sourcecode.c.objc; path = WebViewClass.m; sourceTree = "<group>"; };
		6D57FDF11D07B9B400AAAC2E /* YHDebugLog.h */ = {isa = PBXFileReference; lastKnownFileType = sourcecode.c.h; path = YHDebugLog.h; sourceTree = "<group>"; };
		6D57FDF31D07BBDC00AAAC2E /* PrefixHeader.pch */ = {isa = PBXFileReference; fileEncoding = 4; lastKnownFileType = sourcecode.c.h; path = PrefixHeader.pch; sourceTree = "<group>"; };
		6D57FDF41D080CAC00AAAC2E /* IntroInformation.h */ = {isa = PBXFileReference; fileEncoding = 4; lastKnownFileType = sourcecode.c.h; path = IntroInformation.h; sourceTree = "<group>"; };
		6D57FDF51D080CAC00AAAC2E /* IntroInformation.m */ = {isa = PBXFileReference; fileEncoding = 4; lastKnownFileType = sourcecode.c.objc; path = IntroInformation.m; sourceTree = "<group>"; };
		6D5DA1161D20FEF900D2710D /* ImageScrollViewController.h */ = {isa = PBXFileReference; fileEncoding = 4; lastKnownFileType = sourcecode.c.h; path = ImageScrollViewController.h; sourceTree = "<group>"; };
		6D5DA1171D20FEF900D2710D /* ImageScrollViewController.m */ = {isa = PBXFileReference; fileEncoding = 4; lastKnownFileType = sourcecode.c.objc; path = ImageScrollViewController.m; sourceTree = "<group>"; };
		6D5DA1191D210A5600D2710D /* sc1.jpg */ = {isa = PBXFileReference; lastKnownFileType = image.jpeg; path = sc1.jpg; sourceTree = "<group>"; };
		6D5DA11A1D210A5600D2710D /* sc2.jpg */ = {isa = PBXFileReference; lastKnownFileType = image.jpeg; path = sc2.jpg; sourceTree = "<group>"; };
		6D5DA11B1D210A5600D2710D /* sc3.jpg */ = {isa = PBXFileReference; lastKnownFileType = image.jpeg; path = sc3.jpg; sourceTree = "<group>"; };
		6D5DA11C1D210A5600D2710D /* sc4.jpg */ = {isa = PBXFileReference; lastKnownFileType = image.jpeg; path = sc4.jpg; sourceTree = "<group>"; };
		6D5DA11D1D210A5600D2710D /* sc5.jpg */ = {isa = PBXFileReference; lastKnownFileType = image.jpeg; path = sc5.jpg; sourceTree = "<group>"; };
		6D5DA11E1D210A5600D2710D /* sc6.jpg */ = {isa = PBXFileReference; lastKnownFileType = image.jpeg; path = sc6.jpg; sourceTree = "<group>"; };
		6D5DA11F1D210A5600D2710D /* sc7.jpg */ = {isa = PBXFileReference; lastKnownFileType = image.jpeg; path = sc7.jpg; sourceTree = "<group>"; };
		6D5DA1201D210A5600D2710D /* sc8.jpg */ = {isa = PBXFileReference; lastKnownFileType = image.jpeg; path = sc8.jpg; sourceTree = "<group>"; };
		6D8AA64D1CD73A080044DF31 /* UserInformation.h */ = {isa = PBXFileReference; fileEncoding = 4; lastKnownFileType = sourcecode.c.h; path = UserInformation.h; sourceTree = "<group>"; };
		6D8AA64E1CD73A080044DF31 /* UserInformation.m */ = {isa = PBXFileReference; fileEncoding = 4; lastKnownFileType = sourcecode.c.objc; path = UserInformation.m; sourceTree = "<group>"; };
		6D9AE0F21CD1F9F700B99E2B /* btn_back@2x.png */ = {isa = PBXFileReference; lastKnownFileType = image.png; path = "btn_back@2x.png"; sourceTree = "<group>"; };
		6D9AE0F31CD1F9F700B99E2B /* btn_back@3x.png */ = {isa = PBXFileReference; lastKnownFileType = image.png; path = "btn_back@3x.png"; sourceTree = "<group>"; };
		6D9AE0F61CD2018500B99E2B /* menu_brand@2x.png */ = {isa = PBXFileReference; lastKnownFileType = image.png; path = "menu_brand@2x.png"; sourceTree = "<group>"; };
		6D9AE0F71CD2018500B99E2B /* menu_brand@3x.png */ = {isa = PBXFileReference; lastKnownFileType = image.png; path = "menu_brand@3x.png"; sourceTree = "<group>"; };
		6D9AE0F81CD2018500B99E2B /* menu_card@2x.png */ = {isa = PBXFileReference; lastKnownFileType = image.png; path = "menu_card@2x.png"; sourceTree = "<group>"; };
		6D9AE0F91CD2018500B99E2B /* menu_card@3x.png */ = {isa = PBXFileReference; lastKnownFileType = image.png; path = "menu_card@3x.png"; sourceTree = "<group>"; };
		6D9AE0FA1CD2018500B99E2B /* menu_home@2x.png */ = {isa = PBXFileReference; lastKnownFileType = image.png; path = "menu_home@2x.png"; sourceTree = "<group>"; };
		6D9AE0FB1CD2018500B99E2B /* menu_home@3x.png */ = {isa = PBXFileReference; lastKnownFileType = image.png; path = "menu_home@3x.png"; sourceTree = "<group>"; };
		6D9AE0FC1CD2018500B99E2B /* menu_point@2x.png */ = {isa = PBXFileReference; lastKnownFileType = image.png; path = "menu_point@2x.png"; sourceTree = "<group>"; };
		6D9AE0FD1CD2018500B99E2B /* menu_point@3x.png */ = {isa = PBXFileReference; lastKnownFileType = image.png; path = "menu_point@3x.png"; sourceTree = "<group>"; };
		6D9AE0FE1CD2018500B99E2B /* top_logo@2x.png */ = {isa = PBXFileReference; lastKnownFileType = image.png; path = "top_logo@2x.png"; sourceTree = "<group>"; };
		6D9AE0FF1CD2018500B99E2B /* top_logo@3x.png */ = {isa = PBXFileReference; lastKnownFileType = image.png; path = "top_logo@3x.png"; sourceTree = "<group>"; };
		6D9AE10A1CD2025200B99E2B /* btn_menu@2x.png */ = {isa = PBXFileReference; lastKnownFileType = image.png; path = "btn_menu@2x.png"; sourceTree = "<group>"; };
		6D9AE10B1CD2025200B99E2B /* btn_menu@3x.png */ = {isa = PBXFileReference; lastKnownFileType = image.png; path = "btn_menu@3x.png"; sourceTree = "<group>"; };
		6DAD689B1CEABED500C25969 /* CardCell.m */ = {isa = PBXFileReference; fileEncoding = 4; lastKnownFileType = sourcecode.c.objc; path = CardCell.m; sourceTree = "<group>"; };
		6DB010751CC9F31C00C06A5E /* IntroUiViewController.h */ = {isa = PBXFileReference; fileEncoding = 4; lastKnownFileType = sourcecode.c.h; path = IntroUiViewController.h; sourceTree = "<group>"; };
		6DB010761CC9F31C00C06A5E /* IntroUiViewController.m */ = {isa = PBXFileReference; fileEncoding = 4; lastKnownFileType = sourcecode.c.objc; path = IntroUiViewController.m; sourceTree = "<group>"; };
		6DB0107E1CCA0FE800C06A5E /* SM_logos.png */ = {isa = PBXFileReference; lastKnownFileType = image.png; path = SM_logos.png; sourceTree = "<group>"; };
		6DB010801CCA101D00C06A5E /* smtownmembership_logo@3x.png */ = {isa = PBXFileReference; lastKnownFileType = image.png; path = "smtownmembership_logo@3x.png"; sourceTree = "<group>"; };
		6DB792EB1CF30211008AF993 /* ShowMenuViewController.h */ = {isa = PBXFileReference; fileEncoding = 4; lastKnownFileType = sourcecode.c.h; path = ShowMenuViewController.h; sourceTree = "<group>"; };
		6DB792EC1CF30211008AF993 /* ShowMenuViewController.m */ = {isa = PBXFileReference; fileEncoding = 4; lastKnownFileType = sourcecode.c.objc; path = ShowMenuViewController.m; sourceTree = "<group>"; };
		6DCE6CCC1CF5A7DA0037D4FB /* EventCell.h */ = {isa = PBXFileReference; fileEncoding = 4; lastKnownFileType = sourcecode.c.h; path = EventCell.h; sourceTree = "<group>"; };
		6DCE6CCD1CF5A7DA0037D4FB /* EventCell.m */ = {isa = PBXFileReference; fileEncoding = 4; lastKnownFileType = sourcecode.c.objc; path = EventCell.m; sourceTree = "<group>"; };
		6DD25A681D2215D2004DCEE1 /* btn_profile_modify@2x.png */ = {isa = PBXFileReference; lastKnownFileType = image.png; path = "btn_profile_modify@2x.png"; sourceTree = "<group>"; };
		6DD25A691D2215D2004DCEE1 /* btn_profile_modify@3x.png */ = {isa = PBXFileReference; lastKnownFileType = image.png; path = "btn_profile_modify@3x.png"; sourceTree = "<group>"; };
		6DF050711CD9DBC0006C9513 /* UtilityClass.h */ = {isa = PBXFileReference; fileEncoding = 4; lastKnownFileType = sourcecode.c.h; path = UtilityClass.h; sourceTree = "<group>"; };
		6DF050721CD9DBC0006C9513 /* UtilityClass.m */ = {isa = PBXFileReference; fileEncoding = 4; lastKnownFileType = sourcecode.c.objc; path = UtilityClass.m; sourceTree = "<group>"; };
		6DF050741CD9F837006C9513 /* BaseViewController.h */ = {isa = PBXFileReference; fileEncoding = 4; lastKnownFileType = sourcecode.c.h; path = BaseViewController.h; sourceTree = "<group>"; };
		6DF050751CD9F837006C9513 /* BaseViewController.m */ = {isa = PBXFileReference; fileEncoding = 4; lastKnownFileType = sourcecode.c.objc; path = BaseViewController.m; sourceTree = "<group>"; };
		AB7502B2BD6CDDF7344886CB /* Pods.release.xcconfig */ = {isa = PBXFileReference; includeInIndex = 1; lastKnownFileType = text.xcconfig; name = Pods.release.xcconfig; path = "Pods/Target Support Files/Pods/Pods.release.xcconfig"; sourceTree = "<group>"; };
		ACF79B771CC7488300B89C4E /* DemoListViewController.h */ = {isa = PBXFileReference; fileEncoding = 4; lastKnownFileType = sourcecode.c.h; path = DemoListViewController.h; sourceTree = "<group>"; };
		ACF79B781CC7488300B89C4E /* DemoListViewController.m */ = {isa = PBXFileReference; fileEncoding = 4; lastKnownFileType = sourcecode.c.objc; path = DemoListViewController.m; sourceTree = "<group>"; };
		F5CC3322CFB3DDB850BA26C1 /* Pods.debug.xcconfig */ = {isa = PBXFileReference; includeInIndex = 1; lastKnownFileType = text.xcconfig; name = Pods.debug.xcconfig; path = "Pods/Target Support Files/Pods/Pods.debug.xcconfig"; sourceTree = "<group>"; };
/* End PBXFileReference section */

/* Begin PBXFrameworksBuildPhase section */
		6D4C8A7D1CC71FDB006AEEBE /* Frameworks */ = {
			isa = PBXFrameworksBuildPhase;
			buildActionMask = 2147483647;
			files = (
				6D33AE031CE5662700B2DFE4 /* WebKit.framework in Frameworks */,
				B5503D204E7576652F102672 /* libPods.a in Frameworks */,
			);
			runOnlyForDeploymentPostprocessing = 0;
		};
/* End PBXFrameworksBuildPhase section */

/* Begin PBXGroup section */
		1A25628A862909EAC5C9C857 /* Frameworks */ = {
			isa = PBXGroup;
			children = (
				58DFFF5F81BBE5DE4D654762 /* libPods.a */,
			);
			name = Frameworks;
			sourceTree = "<group>";
		};
		6D4AD2F61D0126E200CFC443 /* MenuViewController */ = {
			isa = PBXGroup;
			children = (
				6DB792EB1CF30211008AF993 /* ShowMenuViewController.h */,
				6DB792EC1CF30211008AF993 /* ShowMenuViewController.m */,
				6D18606B1CF3F55E00F8CB6C /* MenuCell.h */,
				6D18606C1CF3F55E00F8CB6C /* MenuCell.m */,
				6D4E43EE1CF5459C002041F7 /* MenuEventViewController.h */,
				6D4E43EF1CF5459C002041F7 /* MenuEventViewController.m */,
				6DCE6CCC1CF5A7DA0037D4FB /* EventCell.h */,
				6DCE6CCD1CF5A7DA0037D4FB /* EventCell.m */,
				6D4E43F11CF545AA002041F7 /* MenuNoticeViewController.h */,
				6D4E43F21CF545AA002041F7 /* MenuNoticeViewController.m */,
				6D4E43F41CF545BC002041F7 /* MenuCustomerCenterViewController.h */,
				6D4E43F51CF545BC002041F7 /* MenuCustomerCenterViewController.m */,
				6D4E43F71CF545CB002041F7 /* MenuAgreementViewController.h */,
				6D4E43F81CF545CB002041F7 /* MenuAgreementViewController.m */,
				6D4E43FA1CF545DB002041F7 /* MenuUserInfoViewController.h */,
				6D4E43FB1CF545DB002041F7 /* MenuUserInfoViewController.m */,
				6D4AD2F31D002F3C00CFC443 /* MenuWebViewController.h */,
				6D4AD2F41D002F3C00CFC443 /* MenuWebViewController.m */,
				6D5744EE1D18DFF2000A1945 /* WebViewClass.h */,
				6D5744EF1D18DFF2000A1945 /* WebViewClass.m */,
				6D5744E51D18CBD8000A1945 /* WKWebViewClass.h */,
				6D5744E61D18CBD8000A1945 /* WKWebViewClass.m */,
				6D132B4A1D193B6700E38D10 /* ScriptResults.h */,
				6D132B4B1D193B6700E38D10 /* ScriptResults.m */,
			);
			name = MenuViewController;
			sourceTree = "<group>";
		};
		6D4AD2F71D01273700CFC443 /* EtcViewController */ = {
			isa = PBXGroup;
			children = (
				6DB010751CC9F31C00C06A5E /* IntroUiViewController.h */,
				6DB010761CC9F31C00C06A5E /* IntroUiViewController.m */,
				6D4C8A9F1CC72740006AEEBE /* ViewController.h */,
				6D4C8AA01CC72740006AEEBE /* ViewController.m */,
				ACF79B771CC7488300B89C4E /* DemoListViewController.h */,
				ACF79B781CC7488300B89C4E /* DemoListViewController.m */,
				6D4C8AB21CC76BB9006AEEBE /* WebViewController.h */,
				6D4C8AB31CC76BB9006AEEBE /* WebViewController.m */,
				6D3A5FF41CE05F95009DB0E4 /* CollectionViewController.h */,
				6D3A5FF51CE05F95009DB0E4 /* CollectionViewController.m */,
				6D3A5FF71CE06B8D009DB0E4 /* CollectionCell.h */,
				6D3A5FF81CE06B8D009DB0E4 /* CollectionCell.m */,
				6D247F6B1CE16D8500EBE9DB /* ButtonView.h */,
				6D247F6C1CE16D8500EBE9DB /* ButtonView.m */,
				6D247F6E1CE16D8C00EBE9DB /* LabelView.h */,
				6D247F6F1CE16D8C00EBE9DB /* LabelView.m */,
				6D247F711CE16D9700EBE9DB /* SwitchView.h */,
				6D247F721CE16D9700EBE9DB /* SwitchView.m */,
				6D247F741CE16F2700EBE9DB /* ShowImageView.h */,
				6D247F751CE16F2700EBE9DB /* ShowImageView.m */,
				6D5DA1161D20FEF900D2710D /* ImageScrollViewController.h */,
				6D5DA1171D20FEF900D2710D /* ImageScrollViewController.m */,
			);
			name = EtcViewController;
			sourceTree = "<group>";
		};
		6D4B649B1CD333510078969D /* ImageFile */ = {
			isa = PBXGroup;
			children = (
				6DD25A681D2215D2004DCEE1 /* btn_profile_modify@2x.png */,
				6DD25A691D2215D2004DCEE1 /* btn_profile_modify@3x.png */,
				6D5DA1191D210A5600D2710D /* sc1.jpg */,
				6D5DA11A1D210A5600D2710D /* sc2.jpg */,
				6D5DA11B1D210A5600D2710D /* sc3.jpg */,
				6D5DA11C1D210A5600D2710D /* sc4.jpg */,
				6D5DA11D1D210A5600D2710D /* sc5.jpg */,
				6D5DA11E1D210A5600D2710D /* sc6.jpg */,
				6D5DA11F1D210A5600D2710D /* sc7.jpg */,
				6D5DA1201D210A5600D2710D /* sc8.jpg */,
				6D51E1341D0EB9AB004124B8 /* box_white2@2x.png */,
				6D4AD2FB1D012DF600CFC443 /* splash_640x960.png */,
				6D4AD2FC1D012DF600CFC443 /* splash_640x1136.png */,
				6D4AD2FD1D012DF600CFC443 /* splash_750x1334.png */,
				6D4AD2FE1D012DF600CFC443 /* splash_1242x2208.png */,
				6D4787201CFEC41C001A9A52 /* btn_popup_close@2x.png */,
				6D4787211CFEC41C001A9A52 /* btn_popup_close@3x.png */,
				6D50E08D1CF2AA1E003A7EB7 /* img_profile_menu@2x.png */,
				6D50E08E1CF2AA1E003A7EB7 /* img_profile_menu@3x.png */,
				6D50E0891CF2A9C3003A7EB7 /* menu_setting@2x.png */,
				6D50E08A1CF2A9C3003A7EB7 /* menu_setting@3x.png */,
				6D1470161CEC578A001529A2 /* loading@2x.png */,
				6D1470171CEC578A001529A2 /* loading@3x.png */,
				6D1470081CEC3D74001529A2 /* icon_store_location@2x.png */,
				6D1470091CEC3D74001529A2 /* icon_store_location@3x.png */,
				6D14700A1CEC3D74001529A2 /* icon_store_phone@2x.png */,
				6D14700B1CEC3D74001529A2 /* icon_store_phone@3x.png */,
				6D468FA71CE5B48900538EE0 /* btn_card_largeimg_sub@2x.png */,
				6D468FA81CE5B48900538EE0 /* btn_card_largeimg_sub@3x.png */,
				6D468FA91CE5B48900538EE0 /* img_card_sub@2x.png */,
				6D468FAA1CE5B48900538EE0 /* img_card_sub@3x.png */,
				6D2463C61CD87D7B00A92302 /* icon_grade_vip@2x.png */,
				6D2463C71CD87D7B00A92302 /* icon_grade_vip@3x.png */,
				6D4B64971CD3333B0078969D /* icon_notice_bell@2x.png */,
				6D4B64931CD2F7AA0078969D /* btn_menu_go@2x.png */,
				6D4B64941CD2F7AA0078969D /* btn_menu_go@3x.png */,
				6D4B648F1CD2F4590078969D /* icon_info@2x.png */,
				6D4B64901CD2F4590078969D /* icon_info@3x.png */,
				6D4B648B1CD2EDDA0078969D /* menu_store@2x.png */,
				6D4B648C1CD2EDDA0078969D /* menu_store@3x.png */,
				6D9AE10A1CD2025200B99E2B /* btn_menu@2x.png */,
				6D9AE10B1CD2025200B99E2B /* btn_menu@3x.png */,
				6D9AE0F61CD2018500B99E2B /* menu_brand@2x.png */,
				6D9AE0F71CD2018500B99E2B /* menu_brand@3x.png */,
				6D9AE0F81CD2018500B99E2B /* menu_card@2x.png */,
				6D9AE0F91CD2018500B99E2B /* menu_card@3x.png */,
				6D9AE0FA1CD2018500B99E2B /* menu_home@2x.png */,
				6D9AE0FB1CD2018500B99E2B /* menu_home@3x.png */,
				6D9AE0FC1CD2018500B99E2B /* menu_point@2x.png */,
				6D9AE0FD1CD2018500B99E2B /* menu_point@3x.png */,
				6D9AE0FE1CD2018500B99E2B /* top_logo@2x.png */,
				6D9AE0FF1CD2018500B99E2B /* top_logo@3x.png */,
				6D9AE0F21CD1F9F700B99E2B /* btn_back@2x.png */,
				6D9AE0F31CD1F9F700B99E2B /* btn_back@3x.png */,
				6D464AE91CD092AF0035FF68 /* img_card_main@2x.png */,
				6D464AEA1CD092AF0035FF68 /* img_card_main@3x.png */,
				6D464AEB1CD092AF0035FF68 /* img_main_profile@2x.png */,
				6D464AEC1CD092AF0035FF68 /* img_main_profile@3x.png */,
				6DB010801CCA101D00C06A5E /* smtownmembership_logo@3x.png */,
				6DB0107E1CCA0FE800C06A5E /* SM_logos.png */,
				6D4B64981CD3333B0078969D /* icon_notice_bell@3x.png */,
			);
			name = ImageFile;
			sourceTree = "<group>";
		};
		6D4C8A771CC71FDB006AEEBE = {
			isa = PBXGroup;
			children = (
				6D33AE021CE5662700B2DFE4 /* WebKit.framework */,
				6D4C8A821CC71FDB006AEEBE /* NavigationController */,
				1A25628A862909EAC5C9C857 /* Frameworks */,
			);
			sourceTree = "<group>";
		};
		6D4C8A811CC71FDB006AEEBE /* Products */ = {
			isa = PBXGroup;
			children = (
				6D4C8A801CC71FDB006AEEBE /* NavigationController.app */,
			);
			name = Products;
			path = ..;
			sourceTree = "<group>";
		};
		6D4C8A821CC71FDB006AEEBE /* NavigationController */ = {
			isa = PBXGroup;
			children = (
				6D57FDF31D07BBDC00AAAC2E /* PrefixHeader.pch */,
				6D57FDF11D07B9B400AAAC2E /* YHDebugLog.h */,
				6D4C8A861CC71FDB006AEEBE /* AppDelegate.h */,
				6D4C8A871CC71FDB006AEEBE /* AppDelegate.m */,
				6D4AD2F71D01273700CFC443 /* EtcViewController */,
				6D4B649B1CD333510078969D /* ImageFile */,
				6D4AD2F61D0126E200CFC443 /* MenuViewController */,
				6D538D3C1D13BF5600107817 /* NotificationClass.h */,
				6D538D3D1D13BF5600107817 /* NotificationClass.m */,
				6D538D421D13F23E00107817 /* Payload.h */,
				6D538D431D13F23E00107817 /* Payload.m */,
				6D538D3F1D13DF1100107817 /* PushModel.h */,
				6D538D401D13DF1100107817 /* PushModel.m */,
				6D4AD30C1D017B0700CFC443 /* LibraryClass.h */,
				6D4AD30D1D017B0700CFC443 /* LibraryClass.m */,
				6D4AD2F81D0128CF00CFC443 /* SplashViewController.h */,
				6D4AD2F91D0128CF00CFC443 /* SplashViewController.m */,
				6D464AE01CD057630035FF68 /* LogInViewController.h */,
				6D464AE11CD057630035FF68 /* LogInViewController.m */,
				6D4AD3061D01660F00CFC443 /* LogOutCollectionViewController.h */,
				6D4AD3071D01660F00CFC443 /* LogOutCollectionViewController.m */,
				6D4AD3091D01672C00CFC443 /* LogOutCollectionCell.h */,
				6D4AD30A1D01672C00CFC443 /* LogOutCollectionCell.m */,
				6D247F771CE1CB9100EBE9DB /* MainViewController.h */,
				6D247F781CE1CB9200EBE9DB /* MainViewController.m */,
				6D4AD2F01D002B6800CFC443 /* BaseModel.h */,
				6D4AD2F11D002B6800CFC443 /* BaseModel.m */,
				6D8AA64D1CD73A080044DF31 /* UserInformation.h */,
				6D8AA64E1CD73A080044DF31 /* UserInformation.m */,
				6D1470101CEC4070001529A2 /* StoreInformation.h */,
				6D1470111CEC4070001529A2 /* StoreInformation.m */,
				6D4787241CFED047001A9A52 /* MainInformation.h */,
				6D4787251CFED047001A9A52 /* MainInformation.m */,
				6D57FDF41D080CAC00AAAC2E /* IntroInformation.h */,
				6D57FDF51D080CAC00AAAC2E /* IntroInformation.m */,
				6DF050711CD9DBC0006C9513 /* UtilityClass.h */,
				6DF050721CD9DBC0006C9513 /* UtilityClass.m */,
				6DF050741CD9F837006C9513 /* BaseViewController.h */,
				6DF050751CD9F837006C9513 /* BaseViewController.m */,
				6D00A7631CEF071F00481C9C /* MenuViewController.h */,
				6D00A7641CEF071F00481C9C /* MenuViewController.m */,
				6D4AD2ED1CFFFCA400CFC443 /* SettingViewController.h */,
				6D4AD2EE1CFFFCA400CFC443 /* SettingViewController.m */,
				6D247F7A1CE1CBEE00EBE9DB /* MainCollectionCell.h */,
				6D247F7B1CE1CBEE00EBE9DB /* MainCollectionCell.m */,
				6D464AE31CD082E20035FF68 /* HomeViewController.h */,
				6D464AE41CD082E20035FF68 /* HomeViewController.m */,
				6D247F7D1CE1CFEA00EBE9DB /* PointViewController.h */,
				6D247F7E1CE1CFEA00EBE9DB /* PointViewController.m */,
				6D247F801CE1CFF300EBE9DB /* CardViewController.h */,
				6D247F811CE1CFF300EBE9DB /* CardViewController.m */,
				6D51E1281D0E7A42004124B8 /* RegCardViewController.h */,
				6D51E1291D0E7A42004124B8 /* RegCardViewController.m */,
				6D51E12B1D0E8A3A004124B8 /* ChangePwViewController.h */,
				6D51E12C1D0E8A3A004124B8 /* ChangePwViewController.m */,
				6D51E12E1D0E9327004124B8 /* ReportCardLossViewController.h */,
				6D51E12F1D0E9327004124B8 /* ReportCardLossViewController.m */,
				6D51E1311D0E9A10004124B8 /* RegCodeViewController.h */,
				6D51E1321D0E9A10004124B8 /* RegCodeViewController.m */,
				6D330C041CEABADC00DF266D /* CardCell.h */,
				6DAD689B1CEABED500C25969 /* CardCell.m */,
				6D247F831CE1CFFC00EBE9DB /* StoreViewController.h */,
				6D247F841CE1CFFC00EBE9DB /* StoreViewController.m */,
				6D14701A1CEC6130001529A2 /* ImageDownload.h */,
				6D14701B1CEC6130001529A2 /* ImageDownload.m */,
				6D1470131CEC4DE5001529A2 /* StoreCell.h */,
				6D1470141CEC4DE5001529A2 /* StoreCell.m */,
				6D468FAF1CE5D55D00538EE0 /* BarcodeViewController.h */,
				6D468FB01CE5D55D00538EE0 /* BarcodeViewController.m */,
				6D4C8A8C1CC71FDB006AEEBE /* Main.storyboard */,
				6D0D88251D0FF68E0038B718 /* HTTPClient.h */,
				6D0D88261D0FF68E0038B718 /* HTTPClient.m */,
				6D4C8A8F1CC71FDB006AEEBE /* Assets.xcassets */,
				6D4C8A911CC71FDB006AEEBE /* LaunchScreen.storyboard */,
				6D4C8A941CC71FDB006AEEBE /* Info.plist */,
				BC49EDD9083D3271F754832B /* Pods */,
				6D4C8A811CC71FDB006AEEBE /* Products */,
				6D4C8A831CC71FDB006AEEBE /* Supporting Files */,
				6D489A8F1D179E8000E3B010 /* GenerateBarcode.h */,
				6D489A901D179E8000E3B010 /* GenerateBarcode.m */,
			);
			path = NavigationController;
			sourceTree = "<group>";
		};
		6D4C8A831CC71FDB006AEEBE /* Supporting Files */ = {
			isa = PBXGroup;
			children = (
				6D4C8A841CC71FDB006AEEBE /* main.m */,
			);
			name = "Supporting Files";
			sourceTree = "<group>";
		};
		BC49EDD9083D3271F754832B /* Pods */ = {
			isa = PBXGroup;
			children = (
				F5CC3322CFB3DDB850BA26C1 /* Pods.debug.xcconfig */,
				AB7502B2BD6CDDF7344886CB /* Pods.release.xcconfig */,
			);
			name = Pods;
			path = ..;
			sourceTree = "<group>";
		};
/* End PBXGroup section */

/* Begin PBXNativeTarget section */
		6D4C8A7F1CC71FDB006AEEBE /* NavigationController */ = {
			isa = PBXNativeTarget;
			buildConfigurationList = 6D4C8A971CC71FDB006AEEBE /* Build configuration list for PBXNativeTarget "NavigationController" */;
			buildPhases = (
				3F28840E200EE690AC2FC506 /* Check Pods Manifest.lock */,
				6D4C8A7C1CC71FDB006AEEBE /* Sources */,
				6D4C8A7D1CC71FDB006AEEBE /* Frameworks */,
				6D4C8A7E1CC71FDB006AEEBE /* Resources */,
				FA5813ABAE2B4909389B1CEB /* Embed Pods Frameworks */,
				721EDD5B4E8335EC77A9C8A3 /* Copy Pods Resources */,
			);
			buildRules = (
			);
			dependencies = (
			);
			name = NavigationController;
			productName = NavigationController;
			productReference = 6D4C8A801CC71FDB006AEEBE /* NavigationController.app */;
			productType = "com.apple.product-type.application";
		};
/* End PBXNativeTarget section */

/* Begin PBXProject section */
		6D4C8A781CC71FDB006AEEBE /* Project object */ = {
			isa = PBXProject;
			attributes = {
				LastUpgradeCheck = 0730;
				ORGANIZATIONNAME = "김민아";
				TargetAttributes = {
					6D4C8A7F1CC71FDB006AEEBE = {
						CreatedOnToolsVersion = 7.3;
						SystemCapabilities = {
							com.apple.BackgroundModes = {
								enabled = 1;
							};
						};
					};
				};
			};
			buildConfigurationList = 6D4C8A7B1CC71FDB006AEEBE /* Build configuration list for PBXProject "NavigationController" */;
			compatibilityVersion = "Xcode 3.2";
			developmentRegion = English;
			hasScannedForEncodings = 0;
			knownRegions = (
				en,
				Base,
			);
			mainGroup = 6D4C8A771CC71FDB006AEEBE;
			productRefGroup = 6D4C8A811CC71FDB006AEEBE /* Products */;
			projectDirPath = "";
			projectRoot = "";
			targets = (
				6D4C8A7F1CC71FDB006AEEBE /* NavigationController */,
			);
		};
/* End PBXProject section */

/* Begin PBXResourcesBuildPhase section */
		6D4C8A7E1CC71FDB006AEEBE /* Resources */ = {
			isa = PBXResourcesBuildPhase;
			buildActionMask = 2147483647;
			files = (
				6D5DA1281D210A5600D2710D /* sc8.jpg in Resources */,
				6D9AE0F41CD1F9F700B99E2B /* btn_back@2x.png in Resources */,
				6D2463C91CD87D7B00A92302 /* icon_grade_vip@3x.png in Resources */,
				6D4B64911CD2F4590078969D /* icon_info@2x.png in Resources */,
				6D468FAC1CE5B48900538EE0 /* btn_card_largeimg_sub@3x.png in Resources */,
				6D9AE1031CD2018500B99E2B /* menu_card@3x.png in Resources */,
				6D51E1351D0EB9AB004124B8 /* box_white2@2x.png in Resources */,
				6D464AEE1CD092AF0035FF68 /* img_card_main@3x.png in Resources */,
				6D9AE1081CD2018500B99E2B /* top_logo@2x.png in Resources */,
				6D4AD3001D012DF600CFC443 /* splash_640x1136.png in Resources */,
				6D5DA1231D210A5600D2710D /* sc3.jpg in Resources */,
				6D14700F1CEC3D74001529A2 /* icon_store_phone@3x.png in Resources */,
				6D4B64961CD2F7AA0078969D /* btn_menu_go@3x.png in Resources */,
				6D50E08F1CF2AA1E003A7EB7 /* img_profile_menu@2x.png in Resources */,
				6D9AE1051CD2018500B99E2B /* menu_home@3x.png in Resources */,
				6D4B648E1CD2EDDA0078969D /* menu_store@3x.png in Resources */,
				6DB010811CCA101D00C06A5E /* smtownmembership_logo@3x.png in Resources */,
				6D9AE0F51CD1F9F700B99E2B /* btn_back@3x.png in Resources */,
				6D1470191CEC578A001529A2 /* loading@3x.png in Resources */,
				6D4787221CFEC41C001A9A52 /* btn_popup_close@2x.png in Resources */,
				6D4B648D1CD2EDDA0078969D /* menu_store@2x.png in Resources */,
				6D2463C81CD87D7B00A92302 /* icon_grade_vip@2x.png in Resources */,
				6D9AE1011CD2018500B99E2B /* menu_brand@3x.png in Resources */,
				6D9AE1071CD2018500B99E2B /* menu_point@3x.png in Resources */,
				6D464AED1CD092AF0035FF68 /* img_card_main@2x.png in Resources */,
				6D9AE1001CD2018500B99E2B /* menu_brand@2x.png in Resources */,
				6D14700E1CEC3D74001529A2 /* icon_store_phone@2x.png in Resources */,
				6D464AF01CD092AF0035FF68 /* img_main_profile@3x.png in Resources */,
				6D4B64991CD3333B0078969D /* icon_notice_bell@2x.png in Resources */,
				6D4C8A931CC71FDB006AEEBE /* LaunchScreen.storyboard in Resources */,
				6D4B64951CD2F7AA0078969D /* btn_menu_go@2x.png in Resources */,
				6D9AE1041CD2018500B99E2B /* menu_home@2x.png in Resources */,
				6D468FAE1CE5B48900538EE0 /* img_card_sub@3x.png in Resources */,
				6D468FAD1CE5B48900538EE0 /* img_card_sub@2x.png in Resources */,
				6D4B649A1CD3333B0078969D /* icon_notice_bell@3x.png in Resources */,
				6D5DA1241D210A5600D2710D /* sc4.jpg in Resources */,
				6DD25A6A1D2215D2004DCEE1 /* btn_profile_modify@2x.png in Resources */,
				6D4C8A901CC71FDB006AEEBE /* Assets.xcassets in Resources */,
				6D464AEF1CD092AF0035FF68 /* img_main_profile@2x.png in Resources */,
				6D50E0901CF2AA1E003A7EB7 /* img_profile_menu@3x.png in Resources */,
				6D14700D1CEC3D74001529A2 /* icon_store_location@3x.png in Resources */,
				6D4AD3021D012DF600CFC443 /* splash_1242x2208.png in Resources */,
				6D9AE1021CD2018500B99E2B /* menu_card@2x.png in Resources */,
				6D4AD2FF1D012DF600CFC443 /* splash_640x960.png in Resources */,
				6D468FAB1CE5B48900538EE0 /* btn_card_largeimg_sub@2x.png in Resources */,
				6D50E08B1CF2A9C3003A7EB7 /* menu_setting@2x.png in Resources */,
				6D1470181CEC578A001529A2 /* loading@2x.png in Resources */,
				6D5DA1271D210A5600D2710D /* sc7.jpg in Resources */,
				6D50E08C1CF2A9C3003A7EB7 /* menu_setting@3x.png in Resources */,
				6D5DA1251D210A5600D2710D /* sc5.jpg in Resources */,
				6DD25A6B1D2215D2004DCEE1 /* btn_profile_modify@3x.png in Resources */,
				6D14700C1CEC3D74001529A2 /* icon_store_location@2x.png in Resources */,
				6D4AD3011D012DF600CFC443 /* splash_750x1334.png in Resources */,
				6D5DA1221D210A5600D2710D /* sc2.jpg in Resources */,
				6DB0107F1CCA0FE800C06A5E /* SM_logos.png in Resources */,
				6D4787231CFEC41C001A9A52 /* btn_popup_close@3x.png in Resources */,
				6D9AE10D1CD2025200B99E2B /* btn_menu@3x.png in Resources */,
				6D9AE1061CD2018500B99E2B /* menu_point@2x.png in Resources */,
				6D5DA1261D210A5600D2710D /* sc6.jpg in Resources */,
				6D9AE1091CD2018500B99E2B /* top_logo@3x.png in Resources */,
				6D4B64921CD2F4590078969D /* icon_info@3x.png in Resources */,
				6D9AE10C1CD2025200B99E2B /* btn_menu@2x.png in Resources */,
				6D4C8A8E1CC71FDB006AEEBE /* Main.storyboard in Resources */,
				6D5DA1211D210A5600D2710D /* sc1.jpg in Resources */,
			);
			runOnlyForDeploymentPostprocessing = 0;
		};
/* End PBXResourcesBuildPhase section */

/* Begin PBXShellScriptBuildPhase section */
		3F28840E200EE690AC2FC506 /* Check Pods Manifest.lock */ = {
			isa = PBXShellScriptBuildPhase;
			buildActionMask = 2147483647;
			files = (
			);
			inputPaths = (
			);
			name = "Check Pods Manifest.lock";
			outputPaths = (
			);
			runOnlyForDeploymentPostprocessing = 0;
			shellPath = /bin/sh;
			shellScript = "diff \"${PODS_ROOT}/../Podfile.lock\" \"${PODS_ROOT}/Manifest.lock\" > /dev/null\nif [[ $? != 0 ]] ; then\n    cat << EOM\nerror: The sandbox is not in sync with the Podfile.lock. Run 'pod install' or update your CocoaPods installation.\nEOM\n    exit 1\nfi\n";
			showEnvVarsInLog = 0;
		};
		721EDD5B4E8335EC77A9C8A3 /* Copy Pods Resources */ = {
			isa = PBXShellScriptBuildPhase;
			buildActionMask = 2147483647;
			files = (
			);
			inputPaths = (
			);
			name = "Copy Pods Resources";
			outputPaths = (
			);
			runOnlyForDeploymentPostprocessing = 0;
			shellPath = /bin/sh;
			shellScript = "\"${SRCROOT}/Pods/Target Support Files/Pods/Pods-resources.sh\"\n";
			showEnvVarsInLog = 0;
		};
		FA5813ABAE2B4909389B1CEB /* Embed Pods Frameworks */ = {
			isa = PBXShellScriptBuildPhase;
			buildActionMask = 2147483647;
			files = (
			);
			inputPaths = (
			);
			name = "Embed Pods Frameworks";
			outputPaths = (
			);
			runOnlyForDeploymentPostprocessing = 0;
			shellPath = /bin/sh;
			shellScript = "\"${SRCROOT}/Pods/Target Support Files/Pods/Pods-frameworks.sh\"\n";
			showEnvVarsInLog = 0;
		};
/* End PBXShellScriptBuildPhase section */

/* Begin PBXSourcesBuildPhase section */
		6D4C8A7C1CC71FDB006AEEBE /* Sources */ = {
			isa = PBXSourcesBuildPhase;
			buildActionMask = 2147483647;
			files = (
				6D247F761CE16F2700EBE9DB /* ShowImageView.m in Sources */,
				6D464AE21CD057630035FF68 /* LogInViewController.m in Sources */,
				6D247F821CE1CFF300EBE9DB /* CardViewController.m in Sources */,
				6D4AD2FA1D0128CF00CFC443 /* SplashViewController.m in Sources */,
				6D247F701CE16D8C00EBE9DB /* LabelView.m in Sources */,
				6D5744E71D18CBD8000A1945 /* WKWebViewClass.m in Sources */,
				6D51E12D1D0E8A3A004124B8 /* ChangePwViewController.m in Sources */,
				6D51E1331D0E9A10004124B8 /* RegCodeViewController.m in Sources */,
				6D4AD2F51D002F3C00CFC443 /* MenuWebViewController.m in Sources */,
				6D4AD3081D01660F00CFC443 /* LogOutCollectionViewController.m in Sources */,
				6D247F731CE16D9700EBE9DB /* SwitchView.m in Sources */,
				6D247F6D1CE16D8500EBE9DB /* ButtonView.m in Sources */,
				6D132B4C1D193B6700E38D10 /* ScriptResults.m in Sources */,
				6D468FB11CE5D55D00538EE0 /* BarcodeViewController.m in Sources */,
				6D8AA64F1CD73A080044DF31 /* UserInformation.m in Sources */,
				6DF050761CD9F837006C9513 /* BaseViewController.m in Sources */,
				6D4AD30E1D017B0700CFC443 /* LibraryClass.m in Sources */,
				6D5DA1181D20FEF900D2710D /* ImageScrollViewController.m in Sources */,
				ACF79B791CC7488300B89C4E /* DemoListViewController.m in Sources */,
				6D4C8AB41CC76BB9006AEEBE /* WebViewController.m in Sources */,
				6D4E43F31CF545AA002041F7 /* MenuNoticeViewController.m in Sources */,
				6D0D88271D0FF68E0038B718 /* HTTPClient.m in Sources */,
				6D00A7651CEF071F00481C9C /* MenuViewController.m in Sources */,
				6D1470151CEC4DE5001529A2 /* StoreCell.m in Sources */,
				6D1470121CEC4070001529A2 /* StoreInformation.m in Sources */,
				6D18606D1CF3F55E00F8CB6C /* MenuCell.m in Sources */,
				6DCE6CCE1CF5A7DA0037D4FB /* EventCell.m in Sources */,
				6D247F851CE1CFFC00EBE9DB /* StoreViewController.m in Sources */,
				6D4E43F61CF545BC002041F7 /* MenuCustomerCenterViewController.m in Sources */,
				6D51E12A1D0E7A42004124B8 /* RegCardViewController.m in Sources */,
				6D489A911D179E8000E3B010 /* GenerateBarcode.m in Sources */,
				6D538D411D13DF1100107817 /* PushModel.m in Sources */,
				6D4E43FC1CF545DB002041F7 /* MenuUserInfoViewController.m in Sources */,
				6D247F7F1CE1CFEA00EBE9DB /* PointViewController.m in Sources */,
				6D4C8A881CC71FDB006AEEBE /* AppDelegate.m in Sources */,
				6DB792ED1CF30211008AF993 /* ShowMenuViewController.m in Sources */,
				6D14701C1CEC6130001529A2 /* ImageDownload.m in Sources */,
				6D57FDF61D080CAC00AAAC2E /* IntroInformation.m in Sources */,
				6D538D441D13F23E00107817 /* Payload.m in Sources */,
				6D51E1301D0E9327004124B8 /* ReportCardLossViewController.m in Sources */,
				6DF050731CD9DBC0006C9513 /* UtilityClass.m in Sources */,
				6DAD689C1CEABED500C25969 /* CardCell.m in Sources */,
				6DB010771CC9F31C00C06A5E /* IntroUiViewController.m in Sources */,
				6D4AD2EF1CFFFCA400CFC443 /* SettingViewController.m in Sources */,
				6D3A5FF61CE05F95009DB0E4 /* CollectionViewController.m in Sources */,
				6D4E43F91CF545CB002041F7 /* MenuAgreementViewController.m in Sources */,
				6D247F7C1CE1CBEE00EBE9DB /* MainCollectionCell.m in Sources */,
				6D247F791CE1CB9200EBE9DB /* MainViewController.m in Sources */,
				6D4E43F01CF5459C002041F7 /* MenuEventViewController.m in Sources */,
				6D538D3E1D13BF5600107817 /* NotificationClass.m in Sources */,
				6D5744F01D18DFF2000A1945 /* WebViewClass.m in Sources */,
				6D4AD2F21D002B6800CFC443 /* BaseModel.m in Sources */,
				6D4C8AA11CC72740006AEEBE /* ViewController.m in Sources */,
				6D4C8A851CC71FDB006AEEBE /* main.m in Sources */,
				6D4AD30B1D01672C00CFC443 /* LogOutCollectionCell.m in Sources */,
				6D3A5FF91CE06B8D009DB0E4 /* CollectionCell.m in Sources */,
				6D464AE51CD082E20035FF68 /* HomeViewController.m in Sources */,
				6D4787261CFED047001A9A52 /* MainInformation.m in Sources */,
			);
			runOnlyForDeploymentPostprocessing = 0;
		};
/* End PBXSourcesBuildPhase section */

/* Begin PBXVariantGroup section */
		6D4C8A8C1CC71FDB006AEEBE /* Main.storyboard */ = {
			isa = PBXVariantGroup;
			children = (
				6D4C8A8D1CC71FDB006AEEBE /* Base */,
			);
			name = Main.storyboard;
			sourceTree = "<group>";
		};
		6D4C8A911CC71FDB006AEEBE /* LaunchScreen.storyboard */ = {
			isa = PBXVariantGroup;
			children = (
				6D4C8A921CC71FDB006AEEBE /* Base */,
			);
			name = LaunchScreen.storyboard;
			sourceTree = "<group>";
		};
/* End PBXVariantGroup section */

/* Begin XCBuildConfiguration section */
		6D4C8A951CC71FDB006AEEBE /* Debug */ = {
			isa = XCBuildConfiguration;
			buildSettings = {
				ALWAYS_SEARCH_USER_PATHS = NO;
				CLANG_ANALYZER_NONNULL = YES;
				CLANG_CXX_LANGUAGE_STANDARD = "gnu++0x";
				CLANG_CXX_LIBRARY = "libc++";
				CLANG_ENABLE_MODULES = YES;
				CLANG_ENABLE_OBJC_ARC = YES;
				CLANG_WARN_BOOL_CONVERSION = YES;
				CLANG_WARN_CONSTANT_CONVERSION = YES;
				CLANG_WARN_DIRECT_OBJC_ISA_USAGE = YES_ERROR;
				CLANG_WARN_EMPTY_BODY = YES;
				CLANG_WARN_ENUM_CONVERSION = YES;
				CLANG_WARN_INT_CONVERSION = YES;
				CLANG_WARN_OBJC_ROOT_CLASS = YES_ERROR;
				CLANG_WARN_UNREACHABLE_CODE = YES;
				CLANG_WARN__DUPLICATE_METHOD_MATCH = YES;
				"CODE_SIGN_IDENTITY[sdk=iphoneos*]" = "iPhone Developer";
				COPY_PHASE_STRIP = NO;
				DEBUG_INFORMATION_FORMAT = dwarf;
				ENABLE_STRICT_OBJC_MSGSEND = YES;
				ENABLE_TESTABILITY = YES;
				GCC_C_LANGUAGE_STANDARD = gnu99;
				GCC_DYNAMIC_NO_PIC = NO;
				GCC_NO_COMMON_BLOCKS = YES;
				GCC_OPTIMIZATION_LEVEL = 0;
				GCC_PREPROCESSOR_DEFINITIONS = (
					"DEBUG=1",
					"$(inherited)",
				);
				GCC_WARN_64_TO_32_BIT_CONVERSION = YES;
				GCC_WARN_ABOUT_RETURN_TYPE = YES_ERROR;
				GCC_WARN_UNDECLARED_SELECTOR = YES;
				GCC_WARN_UNINITIALIZED_AUTOS = YES_AGGRESSIVE;
				GCC_WARN_UNUSED_FUNCTION = YES;
				GCC_WARN_UNUSED_VARIABLE = YES;
				IPHONEOS_DEPLOYMENT_TARGET = 9.3;
				MTL_ENABLE_DEBUG_INFO = YES;
				ONLY_ACTIVE_ARCH = YES;
				SDKROOT = iphoneos;
			};
			name = Debug;
		};
		6D4C8A961CC71FDB006AEEBE /* Release */ = {
			isa = XCBuildConfiguration;
			buildSettings = {
				ALWAYS_SEARCH_USER_PATHS = NO;
				CLANG_ANALYZER_NONNULL = YES;
				CLANG_CXX_LANGUAGE_STANDARD = "gnu++0x";
				CLANG_CXX_LIBRARY = "libc++";
				CLANG_ENABLE_MODULES = YES;
				CLANG_ENABLE_OBJC_ARC = YES;
				CLANG_WARN_BOOL_CONVERSION = YES;
				CLANG_WARN_CONSTANT_CONVERSION = YES;
				CLANG_WARN_DIRECT_OBJC_ISA_USAGE = YES_ERROR;
				CLANG_WARN_EMPTY_BODY = YES;
				CLANG_WARN_ENUM_CONVERSION = YES;
				CLANG_WARN_INT_CONVERSION = YES;
				CLANG_WARN_OBJC_ROOT_CLASS = YES_ERROR;
				CLANG_WARN_UNREACHABLE_CODE = YES;
				CLANG_WARN__DUPLICATE_METHOD_MATCH = YES;
				"CODE_SIGN_IDENTITY[sdk=iphoneos*]" = "iPhone Developer";
				COPY_PHASE_STRIP = NO;
				DEBUG_INFORMATION_FORMAT = "dwarf-with-dsym";
				ENABLE_NS_ASSERTIONS = NO;
				ENABLE_STRICT_OBJC_MSGSEND = YES;
				GCC_C_LANGUAGE_STANDARD = gnu99;
				GCC_NO_COMMON_BLOCKS = YES;
				GCC_WARN_64_TO_32_BIT_CONVERSION = YES;
				GCC_WARN_ABOUT_RETURN_TYPE = YES_ERROR;
				GCC_WARN_UNDECLARED_SELECTOR = YES;
				GCC_WARN_UNINITIALIZED_AUTOS = YES_AGGRESSIVE;
				GCC_WARN_UNUSED_FUNCTION = YES;
				GCC_WARN_UNUSED_VARIABLE = YES;
				IPHONEOS_DEPLOYMENT_TARGET = 9.3;
				MTL_ENABLE_DEBUG_INFO = NO;
				SDKROOT = iphoneos;
				VALIDATE_PRODUCT = YES;
			};
			name = Release;
		};
		6D4C8A981CC71FDB006AEEBE /* Debug */ = {
			isa = XCBuildConfiguration;
			baseConfigurationReference = F5CC3322CFB3DDB850BA26C1 /* Pods.debug.xcconfig */;
			buildSettings = {
				ASSETCATALOG_COMPILER_APPICON_NAME = AppIcon;
				GCC_PREFIX_HEADER = "${SRCROOT}/${PROJECT_NAME}/PrefixHeader.pch";
				INFOPLIST_FILE = NavigationController/Info.plist;
				IPHONEOS_DEPLOYMENT_TARGET = 8.0;
				LD_RUNPATH_SEARCH_PATHS = "$(inherited) @executable_path/Frameworks";
				PRODUCT_BUNDLE_IDENTIFIER = com.smtown.testapp1;
				PRODUCT_NAME = "$(TARGET_NAME)";
			};
			name = Debug;
		};
		6D4C8A991CC71FDB006AEEBE /* Release */ = {
			isa = XCBuildConfiguration;
			baseConfigurationReference = AB7502B2BD6CDDF7344886CB /* Pods.release.xcconfig */;
			buildSettings = {
				ASSETCATALOG_COMPILER_APPICON_NAME = AppIcon;
				GCC_PREFIX_HEADER = "${SRCROOT}/${PROJECT_NAME}/PrefixHeader.pch";
				INFOPLIST_FILE = NavigationController/Info.plist;
				IPHONEOS_DEPLOYMENT_TARGET = 8.0;
				LD_RUNPATH_SEARCH_PATHS = "$(inherited) @executable_path/Frameworks";
				PRODUCT_BUNDLE_IDENTIFIER = com.smtown.testapp1;
				PRODUCT_NAME = "$(TARGET_NAME)";
			};
			name = Release;
		};
/* End XCBuildConfiguration section */

/* Begin XCConfigurationList section */
		6D4C8A7B1CC71FDB006AEEBE /* Build configuration list for PBXProject "NavigationController" */ = {
			isa = XCConfigurationList;
			buildConfigurations = (
				6D4C8A951CC71FDB006AEEBE /* Debug */,
				6D4C8A961CC71FDB006AEEBE /* Release */,
			);
			defaultConfigurationIsVisible = 0;
			defaultConfigurationName = Release;
		};
		6D4C8A971CC71FDB006AEEBE /* Build configuration list for PBXNativeTarget "NavigationController" */ = {
			isa = XCConfigurationList;
			buildConfigurations = (
				6D4C8A981CC71FDB006AEEBE /* Debug */,
				6D4C8A991CC71FDB006AEEBE /* Release */,
			);
			defaultConfigurationIsVisible = 0;
			defaultConfigurationName = Release;
		};
/* End XCConfigurationList section */
	};
	rootObject = 6D4C8A781CC71FDB006AEEBE /* Project object */;
}
