// !$*UTF8*$!
{
	archiveVersion = 1;
	classes = {
	};
	objectVersion = 46;
	objects = {

/* Begin PBXBuildFile section */
		6D4C8A851CC71FDB006AEEBE /* main.m in Sources */ = {isa = PBXBuildFile; fileRef = 6D4C8A841CC71FDB006AEEBE /* main.m */; };
		6D4C8A881CC71FDB006AEEBE /* AppDelegate.m in Sources */ = {isa = PBXBuildFile; fileRef = 6D4C8A871CC71FDB006AEEBE /* AppDelegate.m */; };
		6D4C8A8E1CC71FDB006AEEBE /* Main.storyboard in Resources */ = {isa = PBXBuildFile; fileRef = 6D4C8A8C1CC71FDB006AEEBE /* Main.storyboard */; };
		6D4C8A901CC71FDB006AEEBE /* Assets.xcassets in Resources */ = {isa = PBXBuildFile; fileRef = 6D4C8A8F1CC71FDB006AEEBE /* Assets.xcassets */; };
		6D4C8A931CC71FDB006AEEBE /* LaunchScreen.storyboard in Resources */ = {isa = PBXBuildFile; fileRef = 6D4C8A911CC71FDB006AEEBE /* LaunchScreen.storyboard */; };
		6D4C8AA11CC72740006AEEBE /* ViewController.m in Sources */ = {isa = PBXBuildFile; fileRef = 6D4C8AA01CC72740006AEEBE /* ViewController.m */; };
		6D4C8AA81CC732ED006AEEBE /* UITableView+TableViewController.m in Sources */ = {isa = PBXBuildFile; fileRef = 6D4C8AA71CC732ED006AEEBE /* UITableView+TableViewController.m */; };
		ACF79B791CC7488300B89C4E /* DemoListViewController.m in Sources */ = {isa = PBXBuildFile; fileRef = ACF79B781CC7488300B89C4E /* DemoListViewController.m */; };
/* End PBXBuildFile section */

/* Begin PBXFileReference section */
		6D4C8A801CC71FDB006AEEBE /* NavigationController.app */ = {isa = PBXFileReference; explicitFileType = wrapper.application; includeInIndex = 0; path = NavigationController.app; sourceTree = BUILT_PRODUCTS_DIR; };
		6D4C8A841CC71FDB006AEEBE /* main.m */ = {isa = PBXFileReference; lastKnownFileType = sourcecode.c.objc; path = main.m; sourceTree = "<group>"; };
		6D4C8A861CC71FDB006AEEBE /* AppDelegate.h */ = {isa = PBXFileReference; lastKnownFileType = sourcecode.c.h; path = AppDelegate.h; sourceTree = "<group>"; };
		6D4C8A871CC71FDB006AEEBE /* AppDelegate.m */ = {isa = PBXFileReference; lastKnownFileType = sourcecode.c.objc; path = AppDelegate.m; sourceTree = "<group>"; };
		6D4C8A8D1CC71FDB006AEEBE /* Base */ = {isa = PBXFileReference; lastKnownFileType = file.storyboard; name = Base; path = Base.lproj/Main.storyboard; sourceTree = "<group>"; };
		6D4C8A8F1CC71FDB006AEEBE /* Assets.xcassets */ = {isa = PBXFileReference; lastKnownFileType = folder.assetcatalog; path = Assets.xcassets; sourceTree = "<group>"; };
		6D4C8A921CC71FDB006AEEBE /* Base */ = {isa = PBXFileReference; lastKnownFileType = file.storyboard; name = Base; path = Base.lproj/LaunchScreen.storyboard; sourceTree = "<group>"; };
		6D4C8A941CC71FDB006AEEBE /* Info.plist */ = {isa = PBXFileReference; lastKnownFileType = text.plist.xml; path = Info.plist; sourceTree = "<group>"; };
		6D4C8A9F1CC72740006AEEBE /* ViewController.h */ = {isa = PBXFileReference; fileEncoding = 4; lastKnownFileType = sourcecode.c.h; name = ViewController.h; path = ../../TestAttributeString/TestAttributeString/ViewController.h; sourceTree = "<group>"; };
		6D4C8AA01CC72740006AEEBE /* ViewController.m */ = {isa = PBXFileReference; fileEncoding = 4; lastKnownFileType = sourcecode.c.objc; name = ViewController.m; path = ../../TestAttributeString/TestAttributeString/ViewController.m; sourceTree = "<group>"; };
		6D4C8AA61CC732ED006AEEBE /* UITableView+TableViewController.h */ = {isa = PBXFileReference; fileEncoding = 4; lastKnownFileType = sourcecode.c.h; path = "UITableView+TableViewController.h"; sourceTree = "<group>"; };
		6D4C8AA71CC732ED006AEEBE /* UITableView+TableViewController.m */ = {isa = PBXFileReference; fileEncoding = 4; lastKnownFileType = sourcecode.c.objc; path = "UITableView+TableViewController.m"; sourceTree = "<group>"; };
		ACF79B771CC7488300B89C4E /* DemoListViewController.h */ = {isa = PBXFileReference; fileEncoding = 4; lastKnownFileType = sourcecode.c.h; path = DemoListViewController.h; sourceTree = "<group>"; };
		ACF79B781CC7488300B89C4E /* DemoListViewController.m */ = {isa = PBXFileReference; fileEncoding = 4; lastKnownFileType = sourcecode.c.objc; path = DemoListViewController.m; sourceTree = "<group>"; };
/* End PBXFileReference section */

/* Begin PBXFrameworksBuildPhase section */
		6D4C8A7D1CC71FDB006AEEBE /* Frameworks */ = {
			isa = PBXFrameworksBuildPhase;
			buildActionMask = 2147483647;
			files = (
			);
			runOnlyForDeploymentPostprocessing = 0;
		};
/* End PBXFrameworksBuildPhase section */

/* Begin PBXGroup section */
		6D4C8A771CC71FDB006AEEBE = {
			isa = PBXGroup;
			children = (
				6D4C8A821CC71FDB006AEEBE /* NavigationController */,
				6D4C8A811CC71FDB006AEEBE /* Products */,
			);
			sourceTree = "<group>";
		};
		6D4C8A811CC71FDB006AEEBE /* Products */ = {
			isa = PBXGroup;
			children = (
				6D4C8A801CC71FDB006AEEBE /* NavigationController.app */,
			);
			name = Products;
			sourceTree = "<group>";
		};
		6D4C8A821CC71FDB006AEEBE /* NavigationController */ = {
			isa = PBXGroup;
			children = (
				6D4C8AA61CC732ED006AEEBE /* UITableView+TableViewController.h */,
				6D4C8AA71CC732ED006AEEBE /* UITableView+TableViewController.m */,
				6D4C8A9F1CC72740006AEEBE /* ViewController.h */,
				6D4C8AA01CC72740006AEEBE /* ViewController.m */,
				6D4C8A861CC71FDB006AEEBE /* AppDelegate.h */,
				6D4C8A871CC71FDB006AEEBE /* AppDelegate.m */,
				ACF79B771CC7488300B89C4E /* DemoListViewController.h */,
				ACF79B781CC7488300B89C4E /* DemoListViewController.m */,
				6D4C8A8C1CC71FDB006AEEBE /* Main.storyboard */,
				6D4C8A8F1CC71FDB006AEEBE /* Assets.xcassets */,
				6D4C8A911CC71FDB006AEEBE /* LaunchScreen.storyboard */,
				6D4C8A941CC71FDB006AEEBE /* Info.plist */,
				6D4C8A831CC71FDB006AEEBE /* Supporting Files */,
			);
			path = NavigationController;
			sourceTree = "<group>";
		};
		6D4C8A831CC71FDB006AEEBE /* Supporting Files */ = {
			isa = PBXGroup;
			children = (
				6D4C8A841CC71FDB006AEEBE /* main.m */,
			);
			name = "Supporting Files";
			sourceTree = "<group>";
		};
/* End PBXGroup section */

/* Begin PBXNativeTarget section */
		6D4C8A7F1CC71FDB006AEEBE /* NavigationController */ = {
			isa = PBXNativeTarget;
			buildConfigurationList = 6D4C8A971CC71FDB006AEEBE /* Build configuration list for PBXNativeTarget "NavigationController" */;
			buildPhases = (
				6D4C8A7C1CC71FDB006AEEBE /* Sources */,
				6D4C8A7D1CC71FDB006AEEBE /* Frameworks */,
				6D4C8A7E1CC71FDB006AEEBE /* Resources */,
			);
			buildRules = (
			);
			dependencies = (
			);
			name = NavigationController;
			productName = NavigationController;
			productReference = 6D4C8A801CC71FDB006AEEBE /* NavigationController.app */;
			productType = "com.apple.product-type.application";
		};
/* End PBXNativeTarget section */

/* Begin PBXProject section */
		6D4C8A781CC71FDB006AEEBE /* Project object */ = {
			isa = PBXProject;
			attributes = {
				LastUpgradeCheck = 0730;
				ORGANIZATIONNAME = "김민아";
				TargetAttributes = {
					6D4C8A7F1CC71FDB006AEEBE = {
						CreatedOnToolsVersion = 7.3;
					};
				};
			};
			buildConfigurationList = 6D4C8A7B1CC71FDB006AEEBE /* Build configuration list for PBXProject "NavigationController" */;
			compatibilityVersion = "Xcode 3.2";
			developmentRegion = English;
			hasScannedForEncodings = 0;
			knownRegions = (
				en,
				Base,
			);
			mainGroup = 6D4C8A771CC71FDB006AEEBE;
			productRefGroup = 6D4C8A811CC71FDB006AEEBE /* Products */;
			projectDirPath = "";
			projectRoot = "";
			targets = (
				6D4C8A7F1CC71FDB006AEEBE /* NavigationController */,
			);
		};
/* End PBXProject section */

/* Begin PBXResourcesBuildPhase section */
		6D4C8A7E1CC71FDB006AEEBE /* Resources */ = {
			isa = PBXResourcesBuildPhase;
			buildActionMask = 2147483647;
			files = (
				6D4C8A931CC71FDB006AEEBE /* LaunchScreen.storyboard in Resources */,
				6D4C8A901CC71FDB006AEEBE /* Assets.xcassets in Resources */,
				6D4C8A8E1CC71FDB006AEEBE /* Main.storyboard in Resources */,
			);
			runOnlyForDeploymentPostprocessing = 0;
		};
/* End PBXResourcesBuildPhase section */

/* Begin PBXSourcesBuildPhase section */
		6D4C8A7C1CC71FDB006AEEBE /* Sources */ = {
			isa = PBXSourcesBuildPhase;
			buildActionMask = 2147483647;
			files = (
				ACF79B791CC7488300B89C4E /* DemoListViewController.m in Sources */,
				6D4C8A881CC71FDB006AEEBE /* AppDelegate.m in Sources */,
				6D4C8AA11CC72740006AEEBE /* ViewController.m in Sources */,
				6D4C8AA81CC732ED006AEEBE /* UITableView+TableViewController.m in Sources */,
				6D4C8A851CC71FDB006AEEBE /* main.m in Sources */,
			);
			runOnlyForDeploymentPostprocessing = 0;
		};
/* End PBXSourcesBuildPhase section */

/* Begin PBXVariantGroup section */
		6D4C8A8C1CC71FDB006AEEBE /* Main.storyboard */ = {
			isa = PBXVariantGroup;
			children = (
				6D4C8A8D1CC71FDB006AEEBE /* Base */,
			);
			name = Main.storyboard;
			sourceTree = "<group>";
		};
		6D4C8A911CC71FDB006AEEBE /* LaunchScreen.storyboard */ = {
			isa = PBXVariantGroup;
			children = (
				6D4C8A921CC71FDB006AEEBE /* Base */,
			);
			name = LaunchScreen.storyboard;
			sourceTree = "<group>";
		};
/* End PBXVariantGroup section */

/* Begin XCBuildConfiguration section */
		6D4C8A951CC71FDB006AEEBE /* Debug */ = {
			isa = XCBuildConfiguration;
			buildSettings = {
				ALWAYS_SEARCH_USER_PATHS = NO;
				CLANG_ANALYZER_NONNULL = YES;
				CLANG_CXX_LANGUAGE_STANDARD = "gnu++0x";
				CLANG_CXX_LIBRARY = "libc++";
				CLANG_ENABLE_MODULES = YES;
				CLANG_ENABLE_OBJC_ARC = YES;
				CLANG_WARN_BOOL_CONVERSION = YES;
				CLANG_WARN_CONSTANT_CONVERSION = YES;
				CLANG_WARN_DIRECT_OBJC_ISA_USAGE = YES_ERROR;
				CLANG_WARN_EMPTY_BODY = YES;
				CLANG_WARN_ENUM_CONVERSION = YES;
				CLANG_WARN_INT_CONVERSION = YES;
				CLANG_WARN_OBJC_ROOT_CLASS = YES_ERROR;
				CLANG_WARN_UNREACHABLE_CODE = YES;
				CLANG_WARN__DUPLICATE_METHOD_MATCH = YES;
				"CODE_SIGN_IDENTITY[sdk=iphoneos*]" = "iPhone Developer";
				COPY_PHASE_STRIP = NO;
				DEBUG_INFORMATION_FORMAT = dwarf;
				ENABLE_STRICT_OBJC_MSGSEND = YES;
				ENABLE_TESTABILITY = YES;
				GCC_C_LANGUAGE_STANDARD = gnu99;
				GCC_DYNAMIC_NO_PIC = NO;
				GCC_NO_COMMON_BLOCKS = YES;
				GCC_OPTIMIZATION_LEVEL = 0;
				GCC_PREPROCESSOR_DEFINITIONS = (
					"DEBUG=1",
					"$(inherited)",
				);
				GCC_WARN_64_TO_32_BIT_CONVERSION = YES;
				GCC_WARN_ABOUT_RETURN_TYPE = YES_ERROR;
				GCC_WARN_UNDECLARED_SELECTOR = YES;
				GCC_WARN_UNINITIALIZED_AUTOS = YES_AGGRESSIVE;
				GCC_WARN_UNUSED_FUNCTION = YES;
				GCC_WARN_UNUSED_VARIABLE = YES;
				IPHONEOS_DEPLOYMENT_TARGET = 9.3;
				MTL_ENABLE_DEBUG_INFO = YES;
				ONLY_ACTIVE_ARCH = YES;
				SDKROOT = iphoneos;
			};
			name = Debug;
		};
		6D4C8A961CC71FDB006AEEBE /* Release */ = {
			isa = XCBuildConfiguration;
			buildSettings = {
				ALWAYS_SEARCH_USER_PATHS = NO;
				CLANG_ANALYZER_NONNULL = YES;
				CLANG_CXX_LANGUAGE_STANDARD = "gnu++0x";
				CLANG_CXX_LIBRARY = "libc++";
				CLANG_ENABLE_MODULES = YES;
				CLANG_ENABLE_OBJC_ARC = YES;
				CLANG_WARN_BOOL_CONVERSION = YES;
				CLANG_WARN_CONSTANT_CONVERSION = YES;
				CLANG_WARN_DIRECT_OBJC_ISA_USAGE = YES_ERROR;
				CLANG_WARN_EMPTY_BODY = YES;
				CLANG_WARN_ENUM_CONVERSION = YES;
				CLANG_WARN_INT_CONVERSION = YES;
				CLANG_WARN_OBJC_ROOT_CLASS = YES_ERROR;
				CLANG_WARN_UNREACHABLE_CODE = YES;
				CLANG_WARN__DUPLICATE_METHOD_MATCH = YES;
				"CODE_SIGN_IDENTITY[sdk=iphoneos*]" = "iPhone Developer";
				COPY_PHASE_STRIP = NO;
				DEBUG_INFORMATION_FORMAT = "dwarf-with-dsym";
				ENABLE_NS_ASSERTIONS = NO;
				ENABLE_STRICT_OBJC_MSGSEND = YES;
				GCC_C_LANGUAGE_STANDARD = gnu99;
				GCC_NO_COMMON_BLOCKS = YES;
				GCC_WARN_64_TO_32_BIT_CONVERSION = YES;
				GCC_WARN_ABOUT_RETURN_TYPE = YES_ERROR;
				GCC_WARN_UNDECLARED_SELECTOR = YES;
				GCC_WARN_UNINITIALIZED_AUTOS = YES_AGGRESSIVE;
				GCC_WARN_UNUSED_FUNCTION = YES;
				GCC_WARN_UNUSED_VARIABLE = YES;
				IPHONEOS_DEPLOYMENT_TARGET = 9.3;
				MTL_ENABLE_DEBUG_INFO = NO;
				SDKROOT = iphoneos;
				VALIDATE_PRODUCT = YES;
			};
			name = Release;
		};
		6D4C8A981CC71FDB006AEEBE /* Debug */ = {
			isa = XCBuildConfiguration;
			buildSettings = {
				ASSETCATALOG_COMPILER_APPICON_NAME = AppIcon;
				INFOPLIST_FILE = NavigationController/Info.plist;
				LD_RUNPATH_SEARCH_PATHS = "$(inherited) @executable_path/Frameworks";
				PRODUCT_BUNDLE_IDENTIFIER = com.smict.NavigationController;
				PRODUCT_NAME = "$(TARGET_NAME)";
			};
			name = Debug;
		};
		6D4C8A991CC71FDB006AEEBE /* Release */ = {
			isa = XCBuildConfiguration;
			buildSettings = {
				ASSETCATALOG_COMPILER_APPICON_NAME = AppIcon;
				INFOPLIST_FILE = NavigationController/Info.plist;
				LD_RUNPATH_SEARCH_PATHS = "$(inherited) @executable_path/Frameworks";
				PRODUCT_BUNDLE_IDENTIFIER = com.smict.NavigationController;
				PRODUCT_NAME = "$(TARGET_NAME)";
			};
			name = Release;
		};
/* End XCBuildConfiguration section */

/* Begin XCConfigurationList section */
		6D4C8A7B1CC71FDB006AEEBE /* Build configuration list for PBXProject "NavigationController" */ = {
			isa = XCConfigurationList;
			buildConfigurations = (
				6D4C8A951CC71FDB006AEEBE /* Debug */,
				6D4C8A961CC71FDB006AEEBE /* Release */,
			);
			defaultConfigurationIsVisible = 0;
			defaultConfigurationName = Release;
		};
		6D4C8A971CC71FDB006AEEBE /* Build configuration list for PBXNativeTarget "NavigationController" */ = {
			isa = XCConfigurationList;
			buildConfigurations = (
				6D4C8A981CC71FDB006AEEBE /* Debug */,
				6D4C8A991CC71FDB006AEEBE /* Release */,
			);
			defaultConfigurationIsVisible = 0;
			defaultConfigurationName = Release;
		};
/* End XCConfigurationList section */
	};
	rootObject = 6D4C8A781CC71FDB006AEEBE /* Project object */;
}
