// !$*UTF8*$!
{
	archiveVersion = 1;
	classes = {
	};
	objectVersion = 46;
	objects = {

/* Begin PBXBuildFile section */
		6D01484F1CBCA55700106866 /* main.m in Sources */ = {isa = PBXBuildFile; fileRef = 6D01484E1CBCA55700106866 /* main.m */; };
		6D0148521CBCA55700106866 /* AppDelegate.m in Sources */ = {isa = PBXBuildFile; fileRef = 6D0148511CBCA55700106866 /* AppDelegate.m */; };
		6D0148551CBCA55700106866 /* ViewController.m in Sources */ = {isa = PBXBuildFile; fileRef = 6D0148541CBCA55700106866 /* ViewController.m */; };
		6D0148581CBCA55700106866 /* Main.storyboard in Resources */ = {isa = PBXBuildFile; fileRef = 6D0148561CBCA55700106866 /* Main.storyboard */; };
		6D01485A1CBCA55800106866 /* Assets.xcassets in Resources */ = {isa = PBXBuildFile; fileRef = 6D0148591CBCA55800106866 /* Assets.xcassets */; };
		6D01485D1CBCA55800106866 /* LaunchScreen.storyboard in Resources */ = {isa = PBXBuildFile; fileRef = 6D01485B1CBCA55800106866 /* LaunchScreen.storyboard */; };
		6D42B9A51CBF815400324934 /* ContainerView.m in Sources */ = {isa = PBXBuildFile; fileRef = 6D42B9A41CBF815400324934 /* ContainerView.m */; };
/* End PBXBuildFile section */

/* Begin PBXFileReference section */
		6D01484A1CBCA55700106866 /* TestAttributeString.app */ = {isa = PBXFileReference; explicitFileType = wrapper.application; includeInIndex = 0; path = TestAttributeString.app; sourceTree = BUILT_PRODUCTS_DIR; };
		6D01484E1CBCA55700106866 /* main.m */ = {isa = PBXFileReference; lastKnownFileType = sourcecode.c.objc; path = main.m; sourceTree = "<group>"; };
		6D0148501CBCA55700106866 /* AppDelegate.h */ = {isa = PBXFileReference; lastKnownFileType = sourcecode.c.h; path = AppDelegate.h; sourceTree = "<group>"; };
		6D0148511CBCA55700106866 /* AppDelegate.m */ = {isa = PBXFileReference; lastKnownFileType = sourcecode.c.objc; path = AppDelegate.m; sourceTree = "<group>"; };
		6D0148531CBCA55700106866 /* ViewController.h */ = {isa = PBXFileReference; lastKnownFileType = sourcecode.c.h; path = ViewController.h; sourceTree = "<group>"; };
		6D0148541CBCA55700106866 /* ViewController.m */ = {isa = PBXFileReference; lastKnownFileType = sourcecode.c.objc; path = ViewController.m; sourceTree = "<group>"; };
		6D0148571CBCA55700106866 /* Base */ = {isa = PBXFileReference; lastKnownFileType = file.storyboard; name = Base; path = Base.lproj/Main.storyboard; sourceTree = "<group>"; };
		6D0148591CBCA55800106866 /* Assets.xcassets */ = {isa = PBXFileReference; lastKnownFileType = folder.assetcatalog; path = Assets.xcassets; sourceTree = "<group>"; };
		6D01485C1CBCA55800106866 /* Base */ = {isa = PBXFileReference; lastKnownFileType = file.storyboard; name = Base; path = Base.lproj/LaunchScreen.storyboard; sourceTree = "<group>"; };
		6D01485E1CBCA55800106866 /* Info.plist */ = {isa = PBXFileReference; lastKnownFileType = text.plist.xml; path = Info.plist; sourceTree = "<group>"; };
		6D42B9A41CBF815400324934 /* ContainerView.m */ = {isa = PBXFileReference; fileEncoding = 4; lastKnownFileType = sourcecode.c.objc; path = ContainerView.m; sourceTree = "<group>"; };
		6D42B9A71CBF832000324934 /* Header.h */ = {isa = PBXFileReference; fileEncoding = 4; lastKnownFileType = sourcecode.c.h; path = Header.h; sourceTree = "<group>"; };
/* End PBXFileReference section */

/* Begin PBXFrameworksBuildPhase section */
		6D0148471CBCA55700106866 /* Frameworks */ = {
			isa = PBXFrameworksBuildPhase;
			buildActionMask = 2147483647;
			files = (
			);
			runOnlyForDeploymentPostprocessing = 0;
		};
/* End PBXFrameworksBuildPhase section */

/* Begin PBXGroup section */
		6D0148411CBCA55700106866 = {
			isa = PBXGroup;
			children = (
				6D01484C1CBCA55700106866 /* TestAttributeString */,
				6D01484B1CBCA55700106866 /* Products */,
			);
			sourceTree = "<group>";
		};
		6D01484B1CBCA55700106866 /* Products */ = {
			isa = PBXGroup;
			children = (
				6D01484A1CBCA55700106866 /* TestAttributeString.app */,
			);
			name = Products;
			sourceTree = "<group>";
		};
		6D01484C1CBCA55700106866 /* TestAttributeString */ = {
			isa = PBXGroup;
			children = (
				6D0148501CBCA55700106866 /* AppDelegate.h */,
				6D0148511CBCA55700106866 /* AppDelegate.m */,
				6D42B9A71CBF832000324934 /* Header.h */,
				6D42B9A41CBF815400324934 /* ContainerView.m */,
				6D0148531CBCA55700106866 /* ViewController.h */,
				6D0148541CBCA55700106866 /* ViewController.m */,
				6D0148561CBCA55700106866 /* Main.storyboard */,
				6D0148591CBCA55800106866 /* Assets.xcassets */,
				6D01485B1CBCA55800106866 /* LaunchScreen.storyboard */,
				6D01485E1CBCA55800106866 /* Info.plist */,
				6D01484D1CBCA55700106866 /* Supporting Files */,
			);
			path = TestAttributeString;
			sourceTree = "<group>";
		};
		6D01484D1CBCA55700106866 /* Supporting Files */ = {
			isa = PBXGroup;
			children = (
				6D01484E1CBCA55700106866 /* main.m */,
			);
			name = "Supporting Files";
			sourceTree = "<group>";
		};
/* End PBXGroup section */

/* Begin PBXNativeTarget section */
		6D0148491CBCA55700106866 /* TestAttributeString */ = {
			isa = PBXNativeTarget;
			buildConfigurationList = 6D0148611CBCA55800106866 /* Build configuration list for PBXNativeTarget "TestAttributeString" */;
			buildPhases = (
				6D0148461CBCA55700106866 /* Sources */,
				6D0148471CBCA55700106866 /* Frameworks */,
				6D0148481CBCA55700106866 /* Resources */,
			);
			buildRules = (
			);
			dependencies = (
			);
			name = TestAttributeString;
			productName = TestAttributeString;
			productReference = 6D01484A1CBCA55700106866 /* TestAttributeString.app */;
			productType = "com.apple.product-type.application";
		};
/* End PBXNativeTarget section */

/* Begin PBXProject section */
		6D0148421CBCA55700106866 /* Project object */ = {
			isa = PBXProject;
			attributes = {
				LastUpgradeCheck = 0730;
				ORGANIZATIONNAME = "김민아";
				TargetAttributes = {
					6D0148491CBCA55700106866 = {
						CreatedOnToolsVersion = 7.3;
					};
				};
			};
			buildConfigurationList = 6D0148451CBCA55700106866 /* Build configuration list for PBXProject "TestAttributeString" */;
			compatibilityVersion = "Xcode 3.2";
			developmentRegion = English;
			hasScannedForEncodings = 0;
			knownRegions = (
				en,
				Base,
			);
			mainGroup = 6D0148411CBCA55700106866;
			productRefGroup = 6D01484B1CBCA55700106866 /* Products */;
			projectDirPath = "";
			projectRoot = "";
			targets = (
				6D0148491CBCA55700106866 /* TestAttributeString */,
			);
		};
/* End PBXProject section */

/* Begin PBXResourcesBuildPhase section */
		6D0148481CBCA55700106866 /* Resources */ = {
			isa = PBXResourcesBuildPhase;
			buildActionMask = 2147483647;
			files = (
				6D01485D1CBCA55800106866 /* LaunchScreen.storyboard in Resources */,
				6D01485A1CBCA55800106866 /* Assets.xcassets in Resources */,
				6D0148581CBCA55700106866 /* Main.storyboard in Resources */,
			);
			runOnlyForDeploymentPostprocessing = 0;
		};
/* End PBXResourcesBuildPhase section */

/* Begin PBXSourcesBuildPhase section */
		6D0148461CBCA55700106866 /* Sources */ = {
			isa = PBXSourcesBuildPhase;
			buildActionMask = 2147483647;
			files = (
				6D42B9A51CBF815400324934 /* ContainerView.m in Sources */,
				6D0148551CBCA55700106866 /* ViewController.m in Sources */,
				6D0148521CBCA55700106866 /* AppDelegate.m in Sources */,
				6D01484F1CBCA55700106866 /* main.m in Sources */,
			);
			runOnlyForDeploymentPostprocessing = 0;
		};
/* End PBXSourcesBuildPhase section */

/* Begin PBXVariantGroup section */
		6D0148561CBCA55700106866 /* Main.storyboard */ = {
			isa = PBXVariantGroup;
			children = (
				6D0148571CBCA55700106866 /* Base */,
			);
			name = Main.storyboard;
			sourceTree = "<group>";
		};
		6D01485B1CBCA55800106866 /* LaunchScreen.storyboard */ = {
			isa = PBXVariantGroup;
			children = (
				6D01485C1CBCA55800106866 /* Base */,
			);
			name = LaunchScreen.storyboard;
			sourceTree = "<group>";
		};
/* End PBXVariantGroup section */

/* Begin XCBuildConfiguration section */
		6D01485F1CBCA55800106866 /* Debug */ = {
			isa = XCBuildConfiguration;
			buildSettings = {
				ALWAYS_SEARCH_USER_PATHS = NO;
				CLANG_ANALYZER_NONNULL = YES;
				CLANG_CXX_LANGUAGE_STANDARD = "gnu++0x";
				CLANG_CXX_LIBRARY = "libc++";
				CLANG_ENABLE_MODULES = YES;
				CLANG_ENABLE_OBJC_ARC = YES;
				CLANG_WARN_BOOL_CONVERSION = YES;
				CLANG_WARN_CONSTANT_CONVERSION = YES;
				CLANG_WARN_DIRECT_OBJC_ISA_USAGE = YES_ERROR;
				CLANG_WARN_EMPTY_BODY = YES;
				CLANG_WARN_ENUM_CONVERSION = YES;
				CLANG_WARN_INT_CONVERSION = YES;
				CLANG_WARN_OBJC_ROOT_CLASS = YES_ERROR;
				CLANG_WARN_UNREACHABLE_CODE = YES;
				CLANG_WARN__DUPLICATE_METHOD_MATCH = YES;
				"CODE_SIGN_IDENTITY[sdk=iphoneos*]" = "iPhone Developer";
				COPY_PHASE_STRIP = NO;
				DEBUG_INFORMATION_FORMAT = dwarf;
				ENABLE_STRICT_OBJC_MSGSEND = YES;
				ENABLE_TESTABILITY = YES;
				GCC_C_LANGUAGE_STANDARD = gnu99;
				GCC_DYNAMIC_NO_PIC = NO;
				GCC_NO_COMMON_BLOCKS = YES;
				GCC_OPTIMIZATION_LEVEL = 0;
				GCC_PREPROCESSOR_DEFINITIONS = (
					"DEBUG=1",
					"$(inherited)",
				);
				GCC_WARN_64_TO_32_BIT_CONVERSION = YES;
				GCC_WARN_ABOUT_RETURN_TYPE = YES_ERROR;
				GCC_WARN_UNDECLARED_SELECTOR = YES;
				GCC_WARN_UNINITIALIZED_AUTOS = YES_AGGRESSIVE;
				GCC_WARN_UNUSED_FUNCTION = YES;
				GCC_WARN_UNUSED_VARIABLE = YES;
				IPHONEOS_DEPLOYMENT_TARGET = 9.3;
				MTL_ENABLE_DEBUG_INFO = YES;
				ONLY_ACTIVE_ARCH = YES;
				SDKROOT = iphoneos;
			};
			name = Debug;
		};
		6D0148601CBCA55800106866 /* Release */ = {
			isa = XCBuildConfiguration;
			buildSettings = {
				ALWAYS_SEARCH_USER_PATHS = NO;
				CLANG_ANALYZER_NONNULL = YES;
				CLANG_CXX_LANGUAGE_STANDARD = "gnu++0x";
				CLANG_CXX_LIBRARY = "libc++";
				CLANG_ENABLE_MODULES = YES;
				CLANG_ENABLE_OBJC_ARC = YES;
				CLANG_WARN_BOOL_CONVERSION = YES;
				CLANG_WARN_CONSTANT_CONVERSION = YES;
				CLANG_WARN_DIRECT_OBJC_ISA_USAGE = YES_ERROR;
				CLANG_WARN_EMPTY_BODY = YES;
				CLANG_WARN_ENUM_CONVERSION = YES;
				CLANG_WARN_INT_CONVERSION = YES;
				CLANG_WARN_OBJC_ROOT_CLASS = YES_ERROR;
				CLANG_WARN_UNREACHABLE_CODE = YES;
				CLANG_WARN__DUPLICATE_METHOD_MATCH = YES;
				"CODE_SIGN_IDENTITY[sdk=iphoneos*]" = "iPhone Developer";
				COPY_PHASE_STRIP = NO;
				DEBUG_INFORMATION_FORMAT = "dwarf-with-dsym";
				ENABLE_NS_ASSERTIONS = NO;
				ENABLE_STRICT_OBJC_MSGSEND = YES;
				GCC_C_LANGUAGE_STANDARD = gnu99;
				GCC_NO_COMMON_BLOCKS = YES;
				GCC_WARN_64_TO_32_BIT_CONVERSION = YES;
				GCC_WARN_ABOUT_RETURN_TYPE = YES_ERROR;
				GCC_WARN_UNDECLARED_SELECTOR = YES;
				GCC_WARN_UNINITIALIZED_AUTOS = YES_AGGRESSIVE;
				GCC_WARN_UNUSED_FUNCTION = YES;
				GCC_WARN_UNUSED_VARIABLE = YES;
				IPHONEOS_DEPLOYMENT_TARGET = 9.3;
				MTL_ENABLE_DEBUG_INFO = NO;
				SDKROOT = iphoneos;
				VALIDATE_PRODUCT = YES;
			};
			name = Release;
		};
		6D0148621CBCA55800106866 /* Debug */ = {
			isa = XCBuildConfiguration;
			buildSettings = {
				ASSETCATALOG_COMPILER_APPICON_NAME = AppIcon;
				INFOPLIST_FILE = TestAttributeString/Info.plist;
				LD_RUNPATH_SEARCH_PATHS = "$(inherited) @executable_path/Frameworks";
				PRODUCT_BUNDLE_IDENTIFIER = com.smict.TestAttributeString;
				PRODUCT_NAME = "$(TARGET_NAME)";
			};
			name = Debug;
		};
		6D0148631CBCA55800106866 /* Release */ = {
			isa = XCBuildConfiguration;
			buildSettings = {
				ASSETCATALOG_COMPILER_APPICON_NAME = AppIcon;
				INFOPLIST_FILE = TestAttributeString/Info.plist;
				LD_RUNPATH_SEARCH_PATHS = "$(inherited) @executable_path/Frameworks";
				PRODUCT_BUNDLE_IDENTIFIER = com.smict.TestAttributeString;
				PRODUCT_NAME = "$(TARGET_NAME)";
			};
			name = Release;
		};
/* End XCBuildConfiguration section */

/* Begin XCConfigurationList section */
		6D0148451CBCA55700106866 /* Build configuration list for PBXProject "TestAttributeString" */ = {
			isa = XCConfigurationList;
			buildConfigurations = (
				6D01485F1CBCA55800106866 /* Debug */,
				6D0148601CBCA55800106866 /* Release */,
			);
			defaultConfigurationIsVisible = 0;
			defaultConfigurationName = Release;
		};
		6D0148611CBCA55800106866 /* Build configuration list for PBXNativeTarget "TestAttributeString" */ = {
			isa = XCConfigurationList;
			buildConfigurations = (
				6D0148621CBCA55800106866 /* Debug */,
				6D0148631CBCA55800106866 /* Release */,
			);
			defaultConfigurationIsVisible = 0;
			defaultConfigurationName = Release;
		};
/* End XCConfigurationList section */
	};
	rootObject = 6D0148421CBCA55700106866 /* Project object */;
}
